PODS:
  - Alamofire (3.4.1)
  - AlamofireImage (2.4.1):
    - Alamofire (~> 3.3)
  - ALTextInputBar (1.1.0)
  - Bolts (1.8.4):
    - Bolts/AppLinks (= 1.8.4)
    - Bolts/Tasks (= 1.8.4)
  - Bolts/AppLinks (1.8.4):
    - Bolts/Tasks
  - Bolts/Tasks (1.8.4)
  - ChameleonFramework/Default (2.1.0)
  - ChameleonFramework/Swift (2.1.0):
    - ChameleonFramework/Default
  - CVCalendar (1.2.9)
  - FBSDKCoreKit (4.14.0):
    - Bolts (~> 1.7)
  - FBSDKLoginKit (4.14.0):
    - FBSDKCoreKit
  - FBSDKShareKit (4.14.0):
    - FBSDKCoreKit
  - Firebase (3.4.0):
    - Firebase/Core (= 3.4.0)
  - Firebase/Analytics (3.4.0):
    - FirebaseAnalytics (~> 3.3)
  - Firebase/Auth (3.4.0):
    - Firebase/Analytics
    - FirebaseAuth (= 3.0.4)
  - Firebase/Core (3.4.0):
    - Firebase/Analytics
  - Firebase/Database (3.4.0):
    - Firebase/Analytics
    - FirebaseDatabase (= 3.0.2)
  - Firebase/Messaging (3.4.0):
    - Firebase/Analytics
    - FirebaseMessaging (= 1.1.1)
  - Firebase/Storage (3.4.0):
    - Firebase/Analytics
    - FirebaseStorage (= 1.0.2)
  - FirebaseAnalytics (3.3.0):
    - FirebaseInstanceID (~> 1.0)
    - GoogleInterchangeUtilities (~> 1.2)
    - GoogleSymbolUtilities (~> 1.1)
    - GoogleUtilities (~> 1.2)
  - FirebaseAuth (3.0.4):
    - FirebaseAnalytics (~> 3.2)
    - GoogleNetworkingUtilities (~> 1.2)
    - GoogleParsingUtilities (~> 1.1)
    - GoogleUtilities (~> 1.2)
  - FirebaseDatabase (3.0.2):
    - FirebaseAnalytics (~> 3.2)
  - FirebaseInstanceID (1.0.8)
  - FirebaseMessaging (1.1.1):
    - FirebaseAnalytics (~> 3.3)
    - FirebaseInstanceID (~> 1.0)
    - GoogleInterchangeUtilities (~> 1.2)
    - GoogleIPhoneUtilities (~> 1.2)
    - GoogleSymbolUtilities (~> 1.1)
  - FirebaseStorage (1.0.2):
    - FirebaseAnalytics (~> 3.2)
    - GoogleNetworkingUtilities (~> 1.2)
  - GoogleInterchangeUtilities (1.2.1):
    - GoogleSymbolUtilities (~> 1.0)
  - GoogleIPhoneUtilities (1.2.1):
    - GoogleSymbolUtilities (~> 1.0)
    - GoogleUtilities (~> 1.0)
  - GoogleMaps/Base (2.0.1)
  - GoogleNetworkingUtilities (1.2.1):
    - GoogleSymbolUtilities (~> 1.0)
  - GoogleParsingUtilities (1.1.1):
    - GoogleNetworkingUtilities (~> 1.0)
    - GoogleSymbolUtilities (~> 1.0)
  - GooglePlaces (2.0.1):
    - GoogleMaps/Base (= 2.0.1)
  - GoogleSymbolUtilities (1.1.1)
  - GoogleUtilities (1.3.1):
    - GoogleSymbolUtilities (~> 1.0)
  - HMSegmentedControl (1.5.2)
  - JSQMessagesViewController (7.3.4):
    - JSQSystemSoundPlayer (~> 2.0.1)
  - JSQSystemSoundPlayer (2.0.1)
  - KRProgressHUD (1.6.1)
  - SwiftDate (3.0.8)

DEPENDENCIES:
  - Alamofire (~> 3.4)
  - AlamofireImage (~> 2.4)
  - ALTextInputBar
  - ChameleonFramework/Swift (~> 2.1.0)
  - CVCalendar (from `https://github.com/Mozharovsky/CVCalendar.git`)
  - FBSDKCoreKit
  - FBSDKLoginKit
  - FBSDKShareKit
  - Firebase
  - Firebase/Auth
  - Firebase/Database
  - Firebase/Messaging
  - Firebase/Storage
  - GooglePlaces (~> 2.0.1)
  - HMSegmentedControl
  - JSQMessagesViewController
  - KRProgressHUD (from `https://github.com/krimpedance/KRProgressHUD.git`)
  - SwiftDate

EXTERNAL SOURCES:
  CVCalendar:
    :git: https://github.com/Mozharovsky/CVCalendar.git
  KRProgressHUD:
    :git: https://github.com/krimpedance/KRProgressHUD.git

CHECKOUT OPTIONS:
  CVCalendar:
    :commit: 48f7fdea992f7d1bbcc40befe75c76ebd1467de1
    :git: https://github.com/Mozharovsky/CVCalendar.git
  KRProgressHUD:
    :commit: e644eba63e29c90a03bc27ea244ac63ae522c1c5
    :git: https://github.com/krimpedance/KRProgressHUD.git

SPEC CHECKSUMS:
  Alamofire: 01a82e2f6c0f860ade35534c8dd88be61bdef40c
  AlamofireImage: 3ccf3347d9ea24580dc11fb892770a0be6a29826
  ALTextInputBar: b1ee2db624abc30ce3bb9c38562d283d6f6e9033
  Bolts: 8a7995239dbe724f9cba2248b766d48b7ebdd322
  ChameleonFramework: d21a3cc247abfe5e37609a283a8238b03575cf64
  CVCalendar: 0799256e0bc3b43e83b7e86c0729ce9ff0624cb6
  FBSDKCoreKit: 6e020b5db0b5bd1e01f5fb0902131befd129a502
  FBSDKLoginKit: da563567a108050ef83739c8c8c001ee9e25fa13
  FBSDKShareKit: e8e5d4ccef69b41132fe33acda26db1e33143e33
  Firebase: 754562547af419cc2f4b15247fee419081924bc2
  FirebaseAnalytics: 228be2991cb28efb96cdafc4d62f64680e615c69
  FirebaseAuth: 26fd291c3b552fc9658420b867520d5ae080421c
  FirebaseDatabase: 59bea2e7dfd81b3b8b2f8e396caf1a52c2ced6f7
  FirebaseInstanceID: ba1e640935235e5fac39dfa816fe7660e72e1a8a
  FirebaseMessaging: 6bc7cd2ecb875c1a9c0f8b94956398aa3145bbb8
  FirebaseStorage: fa2a87dee81f682f553af6839daa37a750e65f6a
  GoogleInterchangeUtilities: def8415a862effc67d549d5b5b0b9c7a2f97d4de
  GoogleIPhoneUtilities: 63f25e93a3ddcb66884d182aab3a660d98f1479b
  GoogleMaps: f09da64fc987c1aa29394567c3cab5a3df83c402
  GoogleNetworkingUtilities: 3e83269048cfb498dc7ec83ab36813360965c74f
  GoogleParsingUtilities: 30b3896f9ee167dc78747f013d3de157ced1cadf
  GooglePlaces: 72fab1d1651c6df0322f2aad245ffb15b80d3c56
  GoogleSymbolUtilities: 33117db1b5f290c6fbf259585e4885b4c84b98d7
  GoogleUtilities: 56c5ac05b7aa5dc417a1bb85221a9516e04d7032
  HMSegmentedControl: 83b9686022d2176fb6457d2bdb61e5d6393fed7d
  JSQMessagesViewController: 39fed975e3c9f8eba7292071e29eeb541d105e66
  JSQSystemSoundPlayer: c5850e77a4363ffd374cd851154b9af93264ed8d
  KRProgressHUD: aed4c9a4542b6047221e9f14370486561fa84f28
  SwiftDate: 971f8b9394f664f2226b9c3ab64e801a7291c612

PODFILE CHECKSUM: 9b43061e4072dcc3fe5f4a3c362215cbcfbed7d5

COCOAPODS: 1.0.1
