// !$*UTF8*$!
{
	archiveVersion = 1;
	classes = {
	};
	objectVersion = 46;
	objects = {

/* Begin PBXBuildFile section */
		9324413A0BE328491CEFFAA2 /* Pods_GymBuddyUp.framework in Frameworks */ = {isa = PBXBuildFile; fileRef = 8BF459C803E3032E46FA073C /* Pods_GymBuddyUp.framework */; };
		9F4D9DA81D8667B9000FC787 /* CheckinVC.swift in Sources */ = {isa = PBXBuildFile; fileRef = 9F4D9DA71D8667B9000FC787 /* CheckinVC.swift */; };
		9F4D9DAB1D878FC2000FC787 /* Plan.storyboard in Resources */ = {isa = PBXBuildFile; fileRef = 9F4D9DA91D878FC2000FC787 /* Plan.storyboard */; };
		9FA0DF111D6FB7CE003CACEE /* BestRecord.swift in Sources */ = {isa = PBXBuildFile; fileRef = 9FA0DF101D6FB7CE003CACEE /* BestRecord.swift */; };
		9FA0DF131D700601003CACEE /* Tracking.swift in Sources */ = {isa = PBXBuildFile; fileRef = 9FA0DF121D700601003CACEE /* Tracking.swift */; };
		B6B4366A1D76C2FA003EF548 /* Friend.swift in Sources */ = {isa = PBXBuildFile; fileRef = B6B436691D76C2FA003EF548 /* Friend.swift */; };
		B6CF8D551D20EC3100BF9075 /* GoogleService-Info.plist in Resources */ = {isa = PBXBuildFile; fileRef = B6CF8D541D20EC3100BF9075 /* GoogleService-Info.plist */; };
		B6F00B821D66B34600B09177 /* GeoFire.m in Sources */ = {isa = PBXBuildFile; fileRef = B6F00B791D66B34600B09177 /* GeoFire.m */; };
		B6F00B831D66B34600B09177 /* GFBase32Utils.m in Sources */ = {isa = PBXBuildFile; fileRef = B6F00B7B1D66B34600B09177 /* GFBase32Utils.m */; };
		B6F00B841D66B34600B09177 /* GFGeoHash.m in Sources */ = {isa = PBXBuildFile; fileRef = B6F00B7D1D66B34600B09177 /* GFGeoHash.m */; };
		B6F00B851D66B34600B09177 /* GFGeoHashQuery.m in Sources */ = {isa = PBXBuildFile; fileRef = B6F00B7F1D66B34600B09177 /* GFGeoHashQuery.m */; };
		B6F00B861D66B34600B09177 /* GFQuery.m in Sources */ = {isa = PBXBuildFile; fileRef = B6F00B811D66B34600B09177 /* GFQuery.m */; };
		B6F00BA41D66B3E400B09177 /* Exercise.swift in Sources */ = {isa = PBXBuildFile; fileRef = B6F00B9B1D66B3E400B09177 /* Exercise.swift */; };
		B6F00BA51D66B3E400B09177 /* GoogleAPI.swift in Sources */ = {isa = PBXBuildFile; fileRef = B6F00B9C1D66B3E400B09177 /* GoogleAPI.swift */; };
		B6F00BA61D66B3E400B09177 /* Gym.swift in Sources */ = {isa = PBXBuildFile; fileRef = B6F00B9D1D66B3E400B09177 /* Gym.swift */; };
		B6F00BA71D66B3E400B09177 /* Invite.swift in Sources */ = {isa = PBXBuildFile; fileRef = B6F00B9E1D66B3E400B09177 /* Invite.swift */; };
		B6F00BA81D66B3E400B09177 /* Library.swift in Sources */ = {isa = PBXBuildFile; fileRef = B6F00B9F1D66B3E400B09177 /* Library.swift */; };
		B6F00BA91D66B3E400B09177 /* MidCat.swift in Sources */ = {isa = PBXBuildFile; fileRef = B6F00BA01D66B3E400B09177 /* MidCat.swift */; };
		B6F00BAA1D66B3E400B09177 /* Plan.swift in Sources */ = {isa = PBXBuildFile; fileRef = B6F00BA11D66B3E400B09177 /* Plan.swift */; };
		B6F00BAB1D66B3E400B09177 /* ScheduledWorkout.swift in Sources */ = {isa = PBXBuildFile; fileRef = B6F00BA21D66B3E400B09177 /* ScheduledWorkout.swift */; };
		B6F00BAC1D66B3E400B09177 /* User.swift in Sources */ = {isa = PBXBuildFile; fileRef = B6F00BA31D66B3E400B09177 /* User.swift */; };
		B6F415CD1D6A8CBA0031F8F7 /* Discover.swift in Sources */ = {isa = PBXBuildFile; fileRef = B6F415CC1D6A8CBA0031F8F7 /* Discover.swift */; };
		C11F64DB1D6595FA00FFF5DB /* AKPickerView.swift in Sources */ = {isa = PBXBuildFile; fileRef = C11F64DA1D6595FA00FFF5DB /* AKPickerView.swift */; };
		C11F64E01D66596200FFF5DB /* KKParamsLabel.swift in Sources */ = {isa = PBXBuildFile; fileRef = C11F64DF1D66596200FFF5DB /* KKParamsLabel.swift */; };
		C11F64E21D6670D400FFF5DB /* DoneModalViewController.swift in Sources */ = {isa = PBXBuildFile; fileRef = C11F64E11D6670D400FFF5DB /* DoneModalViewController.swift */; };
		C11F64E41D67822F00FFF5DB /* TrackingPopOverViewController.swift in Sources */ = {isa = PBXBuildFile; fileRef = C11F64E31D67822F00FFF5DB /* TrackingPopOverViewController.swift */; };
		C11F64E71D6785EF00FFF5DB /* TrackedItemPopoverCell.swift in Sources */ = {isa = PBXBuildFile; fileRef = C11F64E51D6785EF00FFF5DB /* TrackedItemPopoverCell.swift */; };
		C11F64E81D6785EF00FFF5DB /* TrackedItemPopoverCell.xib in Resources */ = {isa = PBXBuildFile; fileRef = C11F64E61D6785EF00FFF5DB /* TrackedItemPopoverCell.xib */; };
		C11F64EA1D67B2A300FFF5DB /* DropDownTitleNavButton.swift in Sources */ = {isa = PBXBuildFile; fileRef = C11F64E91D67B2A300FFF5DB /* DropDownTitleNavButton.swift */; };
		C1388BA11D64F7A500513C05 /* TrackedPlan.swift in Sources */ = {isa = PBXBuildFile; fileRef = C1388BA01D64F7A500513C05 /* TrackedPlan.swift */; };
		C1388BA31D64FC5B00513C05 /* TrackedItem.swift in Sources */ = {isa = PBXBuildFile; fileRef = C1388BA21D64FC5B00513C05 /* TrackedItem.swift */; };
		C1388BA61D65189700513C05 /* TrackingNavigationButton.swift in Sources */ = {isa = PBXBuildFile; fileRef = C1388BA51D65189700513C05 /* TrackingNavigationButton.swift */; };
		C15238341DC2EE70006CC091 /* InvitationCache.swift in Sources */ = {isa = PBXBuildFile; fileRef = C15238331DC2EE70006CC091 /* InvitationCache.swift */; };
		C1C28C0F1DABF5F700972202 /* UserCache.swift in Sources */ = {isa = PBXBuildFile; fileRef = C1C28C0E1DABF5F700972202 /* UserCache.swift */; };
		C1C28C111DABF66D00972202 /* LocationCache.swift in Sources */ = {isa = PBXBuildFile; fileRef = C1C28C101DABF66D00972202 /* LocationCache.swift */; };
		C1ECE5511DB4AFF50060B94E /* SearchUserViewController.swift in Sources */ = {isa = PBXBuildFile; fileRef = C1ECE5501DB4AFF50060B94E /* SearchUserViewController.swift */; };
		C1F08E741D77BC3200E6CA77 /* Chat.storyboard in Resources */ = {isa = PBXBuildFile; fileRef = C1F08E731D77BC3200E6CA77 /* Chat.storyboard */; };
		C1F08E7E1D77C1FB00E6CA77 /* Message.swift in Sources */ = {isa = PBXBuildFile; fileRef = C1F08E7D1D77C1FB00E6CA77 /* Message.swift */; };
		C1F08E811D780DBE00E6CA77 /* ChatViewController.swift in Sources */ = {isa = PBXBuildFile; fileRef = C1F08E801D780DBE00E6CA77 /* ChatViewController.swift */; };
		C1F08E851D78EDA700E6CA77 /* Conversation.swift in Sources */ = {isa = PBXBuildFile; fileRef = C1F08E841D78EDA700E6CA77 /* Conversation.swift */; };
		C1F08E881D7D130B00E6CA77 /* ConversationCell.swift in Sources */ = {isa = PBXBuildFile; fileRef = C1F08E861D7D130B00E6CA77 /* ConversationCell.swift */; };
		C1F08E891D7D130B00E6CA77 /* ConversationCell.xib in Resources */ = {isa = PBXBuildFile; fileRef = C1F08E871D7D130B00E6CA77 /* ConversationCell.xib */; };
		C1F08E8D1D7E06B500E6CA77 /* BadgeSwift.swift in Sources */ = {isa = PBXBuildFile; fileRef = C1F08E8C1D7E06B500E6CA77 /* BadgeSwift.swift */; };
		C1F7D17D1D725A95002C6CCD /* InboxMessage.swift in Sources */ = {isa = PBXBuildFile; fileRef = C1F7D17C1D725A95002C6CCD /* InboxMessage.swift */; };
		C1FF9ACA1D6D12D5005842F3 /* TrackingPopOverBackgroundView.swift in Sources */ = {isa = PBXBuildFile; fileRef = C1FF9AC91D6D12D5005842F3 /* TrackingPopOverBackgroundView.swift */; };
		C1FF9ACC1D6D7DF2005842F3 /* BreakModalViewController.swift in Sources */ = {isa = PBXBuildFile; fileRef = C1FF9ACB1D6D7DF2005842F3 /* BreakModalViewController.swift */; };
		C1FF9ACE1D6E30B2005842F3 /* RPCircularProgress.swift in Sources */ = {isa = PBXBuildFile; fileRef = C1FF9ACD1D6E30B2005842F3 /* RPCircularProgress.swift */; };
		C607BA271D52CE7900B1348B /* LibraryCatCell.swift in Sources */ = {isa = PBXBuildFile; fileRef = C607BA261D52CE7900B1348B /* LibraryCatCell.swift */; };
		C607BA421D57A31700B1348B /* Invitation.storyboard in Resources */ = {isa = PBXBuildFile; fileRef = C607BA401D57A31700B1348B /* Invitation.storyboard */; };
		C607BA451D57A3A100B1348B /* InviteMainVC.swift in Sources */ = {isa = PBXBuildFile; fileRef = C607BA441D57A3A100B1348B /* InviteMainVC.swift */; };
		C607BA491D57E14500B1348B /* InviteGymVC.swift in Sources */ = {isa = PBXBuildFile; fileRef = C607BA481D57E14500B1348B /* InviteGymVC.swift */; };
		C607BA4E1D58232B00B1348B /* MeBuddiesVC.swift in Sources */ = {isa = PBXBuildFile; fileRef = C607BA4D1D58232B00B1348B /* MeBuddiesVC.swift */; };
		C607BA501D582A6100B1348B /* BuddyCell.swift in Sources */ = {isa = PBXBuildFile; fileRef = C607BA4F1D582A6100B1348B /* BuddyCell.swift */; };
		C607BA561D5AE80800B1348B /* GymCell.swift in Sources */ = {isa = PBXBuildFile; fileRef = C607BA551D5AE80800B1348B /* GymCell.swift */; };
		C60986591CEEC25200A0AFE3 /* Utils.swift in Sources */ = {isa = PBXBuildFile; fileRef = C60986581CEEC25200A0AFE3 /* Utils.swift */; };
		C6304E161D618B6000EE7110 /* PlanLibNavVC.swift in Sources */ = {isa = PBXBuildFile; fileRef = C6304E151D618B6000EE7110 /* PlanLibNavVC.swift */; };
		C6304E1A1D6387C700EE7110 /* WorkoutCell.xib in Resources */ = {isa = PBXBuildFile; fileRef = C6304E191D6387C700EE7110 /* WorkoutCell.xib */; };
		C6304E1C1D639FD800EE7110 /* WorkoutCell.swift in Sources */ = {isa = PBXBuildFile; fileRef = C6304E1B1D639FD800EE7110 /* WorkoutCell.swift */; };
		C64942FE1D6775B3002C9D49 /* GymMapVC.swift in Sources */ = {isa = PBXBuildFile; fileRef = C64942FD1D6775B3002C9D49 /* GymMapVC.swift */; };
		C64943011D67B3BB002C9D49 /* InboxMainVC.swift in Sources */ = {isa = PBXBuildFile; fileRef = C64943001D67B3BB002C9D49 /* InboxMainVC.swift */; };
		C64943041D67B45D002C9D49 /* MessageCell.swift in Sources */ = {isa = PBXBuildFile; fileRef = C64943021D67B45D002C9D49 /* MessageCell.swift */; };
		C64943051D67B45D002C9D49 /* MessageCell.xib in Resources */ = {isa = PBXBuildFile; fileRef = C64943031D67B45D002C9D49 /* MessageCell.xib */; };
		C649C54B1CE2C31C00258994 /* AppDelegate.swift in Sources */ = {isa = PBXBuildFile; fileRef = C649C54A1CE2C31C00258994 /* AppDelegate.swift */; };
		C649C5501CE2C31C00258994 /* Main.storyboard in Resources */ = {isa = PBXBuildFile; fileRef = C649C54E1CE2C31C00258994 /* Main.storyboard */; };
		C649C5521CE2C31C00258994 /* Assets.xcassets in Resources */ = {isa = PBXBuildFile; fileRef = C649C5511CE2C31C00258994 /* Assets.xcassets */; };
		C649C5551CE2C31C00258994 /* LaunchScreen.storyboard in Resources */ = {isa = PBXBuildFile; fileRef = C649C5531CE2C31C00258994 /* LaunchScreen.storyboard */; };
		C649C55E1CE3BBD900258994 /* SignupLogin.storyboard in Resources */ = {isa = PBXBuildFile; fileRef = C649C55C1CE3BBD900258994 /* SignupLogin.storyboard */; };
		C649C5611CE3C08700258994 /* ColorScheme.swift in Sources */ = {isa = PBXBuildFile; fileRef = C649C5601CE3C08700258994 /* ColorScheme.swift */; };
		C649C5641CE3C48B00258994 /* LandingScreenVC.swift in Sources */ = {isa = PBXBuildFile; fileRef = C649C5631CE3C48B00258994 /* LandingScreenVC.swift */; };
		C649C5671CE3C68800258994 /* BorderedButton.swift in Sources */ = {isa = PBXBuildFile; fileRef = C649C5661CE3C68800258994 /* BorderedButton.swift */; };
		C649C5691CE3EB1A00258994 /* SignupLoginNavVC.swift in Sources */ = {isa = PBXBuildFile; fileRef = C649C5681CE3EB1A00258994 /* SignupLoginNavVC.swift */; };
		C649C56B1CE3EE0800258994 /* SignupVC.swift in Sources */ = {isa = PBXBuildFile; fileRef = C649C56A1CE3EE0800258994 /* SignupVC.swift */; };
		C649C56D1CE3F55E00258994 /* SetGoalVC.swift in Sources */ = {isa = PBXBuildFile; fileRef = C649C56C1CE3F55E00258994 /* SetGoalVC.swift */; };
		C64EC1FA1D124FC3000DA37A /* TestViewController.swift in Sources */ = {isa = PBXBuildFile; fileRef = C64EC1F91D124FC3000DA37A /* TestViewController.swift */; };
		C64EC1FC1D1B6B5A000DA37A /* GenderVC.swift in Sources */ = {isa = PBXBuildFile; fileRef = C64EC1FB1D1B6B5A000DA37A /* GenderVC.swift */; };
		C64EC2021D207373000DA37A /* Discover.storyboard in Resources */ = {isa = PBXBuildFile; fileRef = C64EC2001D207373000DA37A /* Discover.storyboard */; };
		C64EC2041D207CDA000DA37A /* PlanMainVC.swift in Sources */ = {isa = PBXBuildFile; fileRef = C64EC2031D207CDA000DA37A /* PlanMainVC.swift */; };
		C64EC2081D207D2B000DA37A /* DiscoverMainVC.swift in Sources */ = {isa = PBXBuildFile; fileRef = C64EC2071D207D2B000DA37A /* DiscoverMainVC.swift */; };
		C64EC20A1D207D69000DA37A /* PlanLibVC.swift in Sources */ = {isa = PBXBuildFile; fileRef = C64EC2091D207D69000DA37A /* PlanLibVC.swift */; };
		C64EC20C1D20B317000DA37A /* PlanEditVC.swift in Sources */ = {isa = PBXBuildFile; fileRef = C64EC20B1D20B317000DA37A /* PlanEditVC.swift */; };
		C64EC2111D20D82B000DA37A /* Inbox.storyboard in Resources */ = {isa = PBXBuildFile; fileRef = C64EC20F1D20D82B000DA37A /* Inbox.storyboard */; };
		C64EC2141D20D83D000DA37A /* Me.storyboard in Resources */ = {isa = PBXBuildFile; fileRef = C64EC2121D20D83D000DA37A /* Me.storyboard */; };
		C64EC2161D20D997000DA37A /* TabBarVC.swift in Sources */ = {isa = PBXBuildFile; fileRef = C64EC2151D20D997000DA37A /* TabBarVC.swift */; };
		C64EC2211D2DE81E000DA37A /* MeMainVC.swift in Sources */ = {isa = PBXBuildFile; fileRef = C64EC2201D2DE81E000DA37A /* MeMainVC.swift */; };
		C64EC2231D332F2C000DA37A /* UserProfileCell.swift in Sources */ = {isa = PBXBuildFile; fileRef = C64EC2221D332F2C000DA37A /* UserProfileCell.swift */; };
		C64EC2261D334893000DA37A /* UserBuddyOverviewCell.swift in Sources */ = {isa = PBXBuildFile; fileRef = C64EC2251D334893000DA37A /* UserBuddyOverviewCell.swift */; };
		C65301E41D01F51E00DEF7A0 /* Validation.swift in Sources */ = {isa = PBXBuildFile; fileRef = C65301E31D01F51E00DEF7A0 /* Validation.swift */; };
		C66B08191D4D55D3003B0872 /* PlanExerciseVC.swift in Sources */ = {isa = PBXBuildFile; fileRef = C66B08181D4D55D3003B0872 /* PlanExerciseVC.swift */; };
		C66B081D1D502378003B0872 /* UnderlineField.swift in Sources */ = {isa = PBXBuildFile; fileRef = C66B081C1D502378003B0872 /* UnderlineField.swift */; };
		C66B08221D50346F003B0872 /* Tracking.storyboard in Resources */ = {isa = PBXBuildFile; fileRef = C66B08201D50346F003B0872 /* Tracking.storyboard */; };
		C66B08251D503ADF003B0872 /* TrackMainVC.swift in Sources */ = {isa = PBXBuildFile; fileRef = C66B08241D503ADF003B0872 /* TrackMainVC.swift */; };
		C67D951A1D4D3B3100FAD103 /* PlanDetailCell.swift in Sources */ = {isa = PBXBuildFile; fileRef = C67D95191D4D3B3100FAD103 /* PlanDetailCell.swift */; };
		C68165041D64C94400FC63FD /* PlanDetailVC.swift in Sources */ = {isa = PBXBuildFile; fileRef = C68165031D64C94400FC63FD /* PlanDetailVC.swift */; };
		C68165091D65280600FC63FD /* BuddyCardCell.xib in Resources */ = {isa = PBXBuildFile; fileRef = C68165081D65280600FC63FD /* BuddyCardCell.xib */; };
		C681650B1D65282500FC63FD /* BuddyCardCell.swift in Sources */ = {isa = PBXBuildFile; fileRef = C681650A1D65282500FC63FD /* BuddyCardCell.swift */; };
		C681650D1D66559A00FC63FD /* InviteBuddiesVC.swift in Sources */ = {isa = PBXBuildFile; fileRef = C681650C1D66559A00FC63FD /* InviteBuddiesVC.swift */; };
		C681650F1D665BC700FC63FD /* MeFindVC.swift in Sources */ = {isa = PBXBuildFile; fileRef = C681650E1D665BC700FC63FD /* MeFindVC.swift */; };
		C68165161D66836F00FC63FD /* DiscoverDetailVC.swift in Sources */ = {isa = PBXBuildFile; fileRef = C68165151D66836F00FC63FD /* DiscoverDetailVC.swift */; };
		C6860BEB1D85E1C50081C89D /* StatusView.xib in Resources */ = {isa = PBXBuildFile; fileRef = C6860BEA1D85E1C50081C89D /* StatusView.xib */; };
		C6860BED1D85E1E00081C89D /* StatusView.swift in Sources */ = {isa = PBXBuildFile; fileRef = C6860BEC1D85E1E00081C89D /* StatusView.swift */; };
		C6860BEF1D8692840081C89D /* NoPlanCatVC.swift in Sources */ = {isa = PBXBuildFile; fileRef = C6860BEE1D8692840081C89D /* NoPlanCatVC.swift */; };
		C6860BF11D8692FA0081C89D /* InviteNoPlanCatCell.swift in Sources */ = {isa = PBXBuildFile; fileRef = C6860BF01D8692FA0081C89D /* InviteNoPlanCatCell.swift */; };
		C6860BF31D8899D40081C89D /* InviteDateCell.swift in Sources */ = {isa = PBXBuildFile; fileRef = C6860BF21D8899D40081C89D /* InviteDateCell.swift */; };
		C6860BF51D8899F40081C89D /* InviteGymCell.swift in Sources */ = {isa = PBXBuildFile; fileRef = C6860BF41D8899F40081C89D /* InviteGymCell.swift */; };
		C6860BF71D88A1B60081C89D /* InviteToCell.swift in Sources */ = {isa = PBXBuildFile; fileRef = C6860BF61D88A1B60081C89D /* InviteToCell.swift */; };
		C6860BF91D8913FC0081C89D /* MePasswordVC.swift in Sources */ = {isa = PBXBuildFile; fileRef = C6860BF81D8913FC0081C89D /* MePasswordVC.swift */; };
		C6860BFB1D8918FA0081C89D /* MeCreditTermVC.swift in Sources */ = {isa = PBXBuildFile; fileRef = C6860BFA1D8918FA0081C89D /* MeCreditTermVC.swift */; };
		C6860BFD1D8A69E10081C89D /* LoginVC.swift in Sources */ = {isa = PBXBuildFile; fileRef = C6860BFC1D8A69E10081C89D /* LoginVC.swift */; };
		C6860BFF1D8B90950081C89D /* ResetPwVC.swift in Sources */ = {isa = PBXBuildFile; fileRef = C6860BFE1D8B90950081C89D /* ResetPwVC.swift */; };
		C68BD2BE1D6413660060F944 /* ExerciseNumberedCell.xib in Resources */ = {isa = PBXBuildFile; fileRef = C68BD2BD1D6413660060F944 /* ExerciseNumberedCell.xib */; };
		C6AF1EDF1D6B98C200B69D08 /* PlanLibDetailVC.swift in Sources */ = {isa = PBXBuildFile; fileRef = C6AF1EDE1D6B98C200B69D08 /* PlanLibDetailVC.swift */; };
		C6AF1EE11D6BFFB300B69D08 /* FontScheme.swift in Sources */ = {isa = PBXBuildFile; fileRef = C6AF1EE01D6BFFB300B69D08 /* FontScheme.swift */; };
		C6AF1EE31D6C0BA800B69D08 /* UserWorkoutHistoryCell.swift in Sources */ = {isa = PBXBuildFile; fileRef = C6AF1EE21D6C0BA800B69D08 /* UserWorkoutHistoryCell.swift */; };
		C6B40A9E1D6CDAA2001DC761 /* InvitePlanVC.swift in Sources */ = {isa = PBXBuildFile; fileRef = C6B40A9D1D6CDAA2001DC761 /* InvitePlanVC.swift */; };
		C6B40AA01D6D2A3B001DC761 /* UserWorkoutOverviewCell.swift in Sources */ = {isa = PBXBuildFile; fileRef = C6B40A9F1D6D2A3B001DC761 /* UserWorkoutOverviewCell.swift */; };
		C6B40AA21D6D2F2E001DC761 /* SettingsVC.swift in Sources */ = {isa = PBXBuildFile; fileRef = C6B40AA11D6D2F2E001DC761 /* SettingsVC.swift */; };
		C6B40AA41D6D3714001DC761 /* MeUpdateVC.swift in Sources */ = {isa = PBXBuildFile; fileRef = C6B40AA31D6D3714001DC761 /* MeUpdateVC.swift */; };
		C6CD01E21D3890E300D64A06 /* Extensions.swift in Sources */ = {isa = PBXBuildFile; fileRef = C6CD01E11D3890E300D64A06 /* Extensions.swift */; };
		C6CD01EA1D3AC07700D64A06 /* PlanBuildVC.swift in Sources */ = {isa = PBXBuildFile; fileRef = C6CD01E91D3AC07700D64A06 /* PlanBuildVC.swift */; };
		C6CD01ED1D3AC0E300D64A06 /* PlanAddExercise.storyboard in Resources */ = {isa = PBXBuildFile; fileRef = C6CD01EB1D3AC0E300D64A06 /* PlanAddExercise.storyboard */; };
		C6CD01F01D3B34DA00D64A06 /* PlanAddMainVC.swift in Sources */ = {isa = PBXBuildFile; fileRef = C6CD01EF1D3B34DA00D64A06 /* PlanAddMainVC.swift */; };
		C6CD01F21D3B368600D64A06 /* PlanAddDetailVC.swift in Sources */ = {isa = PBXBuildFile; fileRef = C6CD01F11D3B368600D64A06 /* PlanAddDetailVC.swift */; };
		C6CD01F51D3DD2BE00D64A06 /* ExerciseNumberedCell.swift in Sources */ = {isa = PBXBuildFile; fileRef = C6CD01F41D3DD2BE00D64A06 /* ExerciseNumberedCell.swift */; };
		C6D810F71D6E9798006054AE /* InvitePlanCell.swift in Sources */ = {isa = PBXBuildFile; fileRef = C6D810F61D6E9798006054AE /* InvitePlanCell.swift */; };
		C6D810F91D6E97AB006054AE /* InviteNoPlanCell.swift in Sources */ = {isa = PBXBuildFile; fileRef = C6D810F81D6E97AB006054AE /* InviteNoPlanCell.swift */; };
		C6D810FB1D6E97C3006054AE /* InviteAddPlanCell.swift in Sources */ = {isa = PBXBuildFile; fileRef = C6D810FA1D6E97C3006054AE /* InviteAddPlanCell.swift */; };
/* End PBXBuildFile section */

/* Begin PBXFileReference section */
		5360AE00851DB8194874EFBF /* Pods-GymBuddyUp.release.xcconfig */ = {isa = PBXFileReference; includeInIndex = 1; lastKnownFileType = text.xcconfig; name = "Pods-GymBuddyUp.release.xcconfig"; path = "Pods/Target Support Files/Pods-GymBuddyUp/Pods-GymBuddyUp.release.xcconfig"; sourceTree = "<group>"; };
		5DDB769693B4797FCAD24440 /* Pods-GymBuddyUp.debug.xcconfig */ = {isa = PBXFileReference; includeInIndex = 1; lastKnownFileType = text.xcconfig; name = "Pods-GymBuddyUp.debug.xcconfig"; path = "Pods/Target Support Files/Pods-GymBuddyUp/Pods-GymBuddyUp.debug.xcconfig"; sourceTree = "<group>"; };
		8BF459C803E3032E46FA073C /* Pods_GymBuddyUp.framework */ = {isa = PBXFileReference; explicitFileType = wrapper.framework; includeInIndex = 0; path = Pods_GymBuddyUp.framework; sourceTree = BUILT_PRODUCTS_DIR; };
		9F4D9DA71D8667B9000FC787 /* CheckinVC.swift */ = {isa = PBXFileReference; fileEncoding = 4; lastKnownFileType = sourcecode.swift; path = CheckinVC.swift; sourceTree = "<group>"; };
		9F4D9DAA1D878FC2000FC787 /* Base */ = {isa = PBXFileReference; lastKnownFileType = file.storyboard; name = Base; path = Base.lproj/Plan.storyboard; sourceTree = "<group>"; };
		9FA0DF101D6FB7CE003CACEE /* BestRecord.swift */ = {isa = PBXFileReference; fileEncoding = 4; lastKnownFileType = sourcecode.swift; path = BestRecord.swift; sourceTree = "<group>"; };
		9FA0DF121D700601003CACEE /* Tracking.swift */ = {isa = PBXFileReference; fileEncoding = 4; lastKnownFileType = sourcecode.swift; path = Tracking.swift; sourceTree = "<group>"; };
		B6B436691D76C2FA003EF548 /* Friend.swift */ = {isa = PBXFileReference; fileEncoding = 4; lastKnownFileType = sourcecode.swift; path = Friend.swift; sourceTree = "<group>"; };
		B6CF8D541D20EC3100BF9075 /* GoogleService-Info.plist */ = {isa = PBXFileReference; fileEncoding = 4; lastKnownFileType = text.plist.xml; path = "GoogleService-Info.plist"; sourceTree = "<group>"; };
		B6F00B721D66B34600B09177 /* GeoFire.h */ = {isa = PBXFileReference; fileEncoding = 4; lastKnownFileType = sourcecode.c.h; path = GeoFire.h; sourceTree = "<group>"; };
		B6F00B731D66B34600B09177 /* GFCircleQuery.h */ = {isa = PBXFileReference; fileEncoding = 4; lastKnownFileType = sourcecode.c.h; path = GFCircleQuery.h; sourceTree = "<group>"; };
		B6F00B741D66B34600B09177 /* GFQuery.h */ = {isa = PBXFileReference; fileEncoding = 4; lastKnownFileType = sourcecode.c.h; path = GFQuery.h; sourceTree = "<group>"; };
		B6F00B751D66B34600B09177 /* GFRegionQuery.h */ = {isa = PBXFileReference; fileEncoding = 4; lastKnownFileType = sourcecode.c.h; path = GFRegionQuery.h; sourceTree = "<group>"; };
		B6F00B761D66B34600B09177 /* GeoFire-Prefix.pch */ = {isa = PBXFileReference; fileEncoding = 4; lastKnownFileType = sourcecode.c.h; path = "GeoFire-Prefix.pch"; sourceTree = "<group>"; };
		B6F00B781D66B34600B09177 /* GeoFire+Private.h */ = {isa = PBXFileReference; fileEncoding = 4; lastKnownFileType = sourcecode.c.h; path = "GeoFire+Private.h"; sourceTree = "<group>"; };
		B6F00B791D66B34600B09177 /* GeoFire.m */ = {isa = PBXFileReference; fileEncoding = 4; lastKnownFileType = sourcecode.c.objc; path = GeoFire.m; sourceTree = "<group>"; };
		B6F00B7A1D66B34600B09177 /* GFBase32Utils.h */ = {isa = PBXFileReference; fileEncoding = 4; lastKnownFileType = sourcecode.c.h; path = GFBase32Utils.h; sourceTree = "<group>"; };
		B6F00B7B1D66B34600B09177 /* GFBase32Utils.m */ = {isa = PBXFileReference; fileEncoding = 4; lastKnownFileType = sourcecode.c.objc; path = GFBase32Utils.m; sourceTree = "<group>"; };
		B6F00B7C1D66B34600B09177 /* GFGeoHash.h */ = {isa = PBXFileReference; fileEncoding = 4; lastKnownFileType = sourcecode.c.h; path = GFGeoHash.h; sourceTree = "<group>"; };
		B6F00B7D1D66B34600B09177 /* GFGeoHash.m */ = {isa = PBXFileReference; fileEncoding = 4; lastKnownFileType = sourcecode.c.objc; path = GFGeoHash.m; sourceTree = "<group>"; };
		B6F00B7E1D66B34600B09177 /* GFGeoHashQuery.h */ = {isa = PBXFileReference; fileEncoding = 4; lastKnownFileType = sourcecode.c.h; path = GFGeoHashQuery.h; sourceTree = "<group>"; };
		B6F00B7F1D66B34600B09177 /* GFGeoHashQuery.m */ = {isa = PBXFileReference; fileEncoding = 4; lastKnownFileType = sourcecode.c.objc; path = GFGeoHashQuery.m; sourceTree = "<group>"; };
		B6F00B801D66B34600B09177 /* GFQuery+Private.h */ = {isa = PBXFileReference; fileEncoding = 4; lastKnownFileType = sourcecode.c.h; path = "GFQuery+Private.h"; sourceTree = "<group>"; };
		B6F00B811D66B34600B09177 /* GFQuery.m */ = {isa = PBXFileReference; fileEncoding = 4; lastKnownFileType = sourcecode.c.objc; path = GFQuery.m; sourceTree = "<group>"; };
		B6F00B9B1D66B3E400B09177 /* Exercise.swift */ = {isa = PBXFileReference; fileEncoding = 4; lastKnownFileType = sourcecode.swift; name = Exercise.swift; path = API/Exercise.swift; sourceTree = "<group>"; };
		B6F00B9C1D66B3E400B09177 /* GoogleAPI.swift */ = {isa = PBXFileReference; fileEncoding = 4; lastKnownFileType = sourcecode.swift; path = GoogleAPI.swift; sourceTree = "<group>"; };
		B6F00B9D1D66B3E400B09177 /* Gym.swift */ = {isa = PBXFileReference; fileEncoding = 4; lastKnownFileType = sourcecode.swift; name = Gym.swift; path = API/Gym.swift; sourceTree = "<group>"; };
		B6F00B9E1D66B3E400B09177 /* Invite.swift */ = {isa = PBXFileReference; fileEncoding = 4; lastKnownFileType = sourcecode.swift; path = Invite.swift; sourceTree = "<group>"; };
		B6F00B9F1D66B3E400B09177 /* Library.swift */ = {isa = PBXFileReference; fileEncoding = 4; lastKnownFileType = sourcecode.swift; path = Library.swift; sourceTree = "<group>"; };
		B6F00BA01D66B3E400B09177 /* MidCat.swift */ = {isa = PBXFileReference; fileEncoding = 4; lastKnownFileType = sourcecode.swift; name = MidCat.swift; path = API/MidCat.swift; sourceTree = "<group>"; };
		B6F00BA11D66B3E400B09177 /* Plan.swift */ = {isa = PBXFileReference; fileEncoding = 4; lastKnownFileType = sourcecode.swift; name = Plan.swift; path = API/Plan.swift; sourceTree = "<group>"; };
		B6F00BA21D66B3E400B09177 /* ScheduledWorkout.swift */ = {isa = PBXFileReference; fileEncoding = 4; lastKnownFileType = sourcecode.swift; path = ScheduledWorkout.swift; sourceTree = "<group>"; };
		B6F00BA31D66B3E400B09177 /* User.swift */ = {isa = PBXFileReference; fileEncoding = 4; lastKnownFileType = sourcecode.swift; path = User.swift; sourceTree = "<group>"; };
		B6F00BAD1D66B40400B09177 /* GymBuddyUp-Bridging-Header.h */ = {isa = PBXFileReference; fileEncoding = 4; lastKnownFileType = sourcecode.c.h; path = "GymBuddyUp-Bridging-Header.h"; sourceTree = "<group>"; };
		B6F415CC1D6A8CBA0031F8F7 /* Discover.swift */ = {isa = PBXFileReference; fileEncoding = 4; lastKnownFileType = sourcecode.swift; path = Discover.swift; sourceTree = "<group>"; };
		C11F64DA1D6595FA00FFF5DB /* AKPickerView.swift */ = {isa = PBXFileReference; fileEncoding = 4; lastKnownFileType = sourcecode.swift; path = AKPickerView.swift; sourceTree = "<group>"; };
		C11F64DF1D66596200FFF5DB /* KKParamsLabel.swift */ = {isa = PBXFileReference; fileEncoding = 4; lastKnownFileType = sourcecode.swift; path = KKParamsLabel.swift; sourceTree = "<group>"; };
		C11F64E11D6670D400FFF5DB /* DoneModalViewController.swift */ = {isa = PBXFileReference; fileEncoding = 4; lastKnownFileType = sourcecode.swift; path = DoneModalViewController.swift; sourceTree = "<group>"; };
		C11F64E31D67822F00FFF5DB /* TrackingPopOverViewController.swift */ = {isa = PBXFileReference; fileEncoding = 4; lastKnownFileType = sourcecode.swift; path = TrackingPopOverViewController.swift; sourceTree = "<group>"; };
		C11F64E51D6785EF00FFF5DB /* TrackedItemPopoverCell.swift */ = {isa = PBXFileReference; fileEncoding = 4; lastKnownFileType = sourcecode.swift; name = TrackedItemPopoverCell.swift; path = Views/TrackedItemPopoverCell.swift; sourceTree = "<group>"; };
		C11F64E61D6785EF00FFF5DB /* TrackedItemPopoverCell.xib */ = {isa = PBXFileReference; fileEncoding = 4; lastKnownFileType = file.xib; name = TrackedItemPopoverCell.xib; path = Views/TrackedItemPopoverCell.xib; sourceTree = "<group>"; };
		C11F64E91D67B2A300FFF5DB /* DropDownTitleNavButton.swift */ = {isa = PBXFileReference; fileEncoding = 4; lastKnownFileType = sourcecode.swift; path = DropDownTitleNavButton.swift; sourceTree = "<group>"; };
		C1388BA01D64F7A500513C05 /* TrackedPlan.swift */ = {isa = PBXFileReference; fileEncoding = 4; lastKnownFileType = sourcecode.swift; name = TrackedPlan.swift; path = Models/TrackedPlan.swift; sourceTree = "<group>"; };
		C1388BA21D64FC5B00513C05 /* TrackedItem.swift */ = {isa = PBXFileReference; fileEncoding = 4; lastKnownFileType = sourcecode.swift; path = TrackedItem.swift; sourceTree = "<group>"; };
		C1388BA51D65189700513C05 /* TrackingNavigationButton.swift */ = {isa = PBXFileReference; fileEncoding = 4; lastKnownFileType = sourcecode.swift; name = TrackingNavigationButton.swift; path = Views/TrackingNavigationButton.swift; sourceTree = "<group>"; };
		C15238331DC2EE70006CC091 /* InvitationCache.swift */ = {isa = PBXFileReference; fileEncoding = 4; lastKnownFileType = sourcecode.swift; path = InvitationCache.swift; sourceTree = "<group>"; };
		C1C28C0E1DABF5F700972202 /* UserCache.swift */ = {isa = PBXFileReference; fileEncoding = 4; lastKnownFileType = sourcecode.swift; path = UserCache.swift; sourceTree = "<group>"; };
		C1C28C101DABF66D00972202 /* LocationCache.swift */ = {isa = PBXFileReference; fileEncoding = 4; lastKnownFileType = sourcecode.swift; path = LocationCache.swift; sourceTree = "<group>"; };
		C1ECE5501DB4AFF50060B94E /* SearchUserViewController.swift */ = {isa = PBXFileReference; fileEncoding = 4; lastKnownFileType = sourcecode.swift; name = SearchUserViewController.swift; path = VCs/SearchUserViewController.swift; sourceTree = "<group>"; };
		C1F08E731D77BC3200E6CA77 /* Chat.storyboard */ = {isa = PBXFileReference; fileEncoding = 4; lastKnownFileType = file.storyboard; path = Chat.storyboard; sourceTree = "<group>"; };
		C1F08E7D1D77C1FB00E6CA77 /* Message.swift */ = {isa = PBXFileReference; fileEncoding = 4; lastKnownFileType = sourcecode.swift; name = Message.swift; path = Models/Message.swift; sourceTree = "<group>"; };
		C1F08E801D780DBE00E6CA77 /* ChatViewController.swift */ = {isa = PBXFileReference; fileEncoding = 4; lastKnownFileType = sourcecode.swift; name = ChatViewController.swift; path = VCs/ChatViewController.swift; sourceTree = "<group>"; };
		C1F08E841D78EDA700E6CA77 /* Conversation.swift */ = {isa = PBXFileReference; fileEncoding = 4; lastKnownFileType = sourcecode.swift; name = Conversation.swift; path = Models/Conversation.swift; sourceTree = "<group>"; };
		C1F08E861D7D130B00E6CA77 /* ConversationCell.swift */ = {isa = PBXFileReference; fileEncoding = 4; lastKnownFileType = sourcecode.swift; name = ConversationCell.swift; path = Views/ConversationCell.swift; sourceTree = "<group>"; };
		C1F08E871D7D130B00E6CA77 /* ConversationCell.xib */ = {isa = PBXFileReference; fileEncoding = 4; lastKnownFileType = file.xib; name = ConversationCell.xib; path = Views/ConversationCell.xib; sourceTree = "<group>"; };
		C1F08E8C1D7E06B500E6CA77 /* BadgeSwift.swift */ = {isa = PBXFileReference; fileEncoding = 4; lastKnownFileType = sourcecode.swift; name = BadgeSwift.swift; path = Views/BadgeSwift.swift; sourceTree = "<group>"; };
		C1F7D17C1D725A95002C6CCD /* InboxMessage.swift */ = {isa = PBXFileReference; fileEncoding = 4; lastKnownFileType = sourcecode.swift; path = InboxMessage.swift; sourceTree = "<group>"; };
		C1FF9AC91D6D12D5005842F3 /* TrackingPopOverBackgroundView.swift */ = {isa = PBXFileReference; fileEncoding = 4; lastKnownFileType = sourcecode.swift; path = TrackingPopOverBackgroundView.swift; sourceTree = "<group>"; };
		C1FF9ACB1D6D7DF2005842F3 /* BreakModalViewController.swift */ = {isa = PBXFileReference; fileEncoding = 4; lastKnownFileType = sourcecode.swift; name = BreakModalViewController.swift; path = VCs/BreakModalViewController.swift; sourceTree = "<group>"; };
		C1FF9ACD1D6E30B2005842F3 /* RPCircularProgress.swift */ = {isa = PBXFileReference; fileEncoding = 4; lastKnownFileType = sourcecode.swift; name = RPCircularProgress.swift; path = Views/RPCircularProgress.swift; sourceTree = "<group>"; };
		C607BA261D52CE7900B1348B /* LibraryCatCell.swift */ = {isa = PBXFileReference; fileEncoding = 4; lastKnownFileType = sourcecode.swift; name = LibraryCatCell.swift; path = Views/LibraryCatCell.swift; sourceTree = "<group>"; };
		C607BA411D57A31700B1348B /* Base */ = {isa = PBXFileReference; lastKnownFileType = file.storyboard; name = Base; path = Base.lproj/Invitation.storyboard; sourceTree = "<group>"; };
		C607BA441D57A3A100B1348B /* InviteMainVC.swift */ = {isa = PBXFileReference; fileEncoding = 4; lastKnownFileType = sourcecode.swift; name = InviteMainVC.swift; path = VCs/InviteMainVC.swift; sourceTree = "<group>"; };
		C607BA481D57E14500B1348B /* InviteGymVC.swift */ = {isa = PBXFileReference; fileEncoding = 4; lastKnownFileType = sourcecode.swift; name = InviteGymVC.swift; path = VCs/InviteGymVC.swift; sourceTree = "<group>"; };
		C607BA4D1D58232B00B1348B /* MeBuddiesVC.swift */ = {isa = PBXFileReference; fileEncoding = 4; lastKnownFileType = sourcecode.swift; name = MeBuddiesVC.swift; path = VCs/MeBuddiesVC.swift; sourceTree = "<group>"; };
		C607BA4F1D582A6100B1348B /* BuddyCell.swift */ = {isa = PBXFileReference; fileEncoding = 4; lastKnownFileType = sourcecode.swift; name = BuddyCell.swift; path = Views/BuddyCell.swift; sourceTree = "<group>"; };
		C607BA551D5AE80800B1348B /* GymCell.swift */ = {isa = PBXFileReference; fileEncoding = 4; lastKnownFileType = sourcecode.swift; name = GymCell.swift; path = Views/GymCell.swift; sourceTree = "<group>"; };
		C60986581CEEC25200A0AFE3 /* Utils.swift */ = {isa = PBXFileReference; fileEncoding = 4; lastKnownFileType = sourcecode.swift; name = Utils.swift; path = Helpers/Utils.swift; sourceTree = "<group>"; };
		C6304E151D618B6000EE7110 /* PlanLibNavVC.swift */ = {isa = PBXFileReference; fileEncoding = 4; lastKnownFileType = sourcecode.swift; name = PlanLibNavVC.swift; path = VCs/PlanLibNavVC.swift; sourceTree = "<group>"; };
		C6304E191D6387C700EE7110 /* WorkoutCell.xib */ = {isa = PBXFileReference; fileEncoding = 4; lastKnownFileType = file.xib; name = WorkoutCell.xib; path = Views/WorkoutCell.xib; sourceTree = "<group>"; };
		C6304E1B1D639FD800EE7110 /* WorkoutCell.swift */ = {isa = PBXFileReference; fileEncoding = 4; lastKnownFileType = sourcecode.swift; name = WorkoutCell.swift; path = Views/WorkoutCell.swift; sourceTree = "<group>"; };
		C64942FD1D6775B3002C9D49 /* GymMapVC.swift */ = {isa = PBXFileReference; fileEncoding = 4; lastKnownFileType = sourcecode.swift; name = GymMapVC.swift; path = VCs/GymMapVC.swift; sourceTree = "<group>"; };
		C64943001D67B3BB002C9D49 /* InboxMainVC.swift */ = {isa = PBXFileReference; fileEncoding = 4; lastKnownFileType = sourcecode.swift; name = InboxMainVC.swift; path = VCs/InboxMainVC.swift; sourceTree = "<group>"; };
		C64943021D67B45D002C9D49 /* MessageCell.swift */ = {isa = PBXFileReference; fileEncoding = 4; lastKnownFileType = sourcecode.swift; name = MessageCell.swift; path = Views/MessageCell.swift; sourceTree = "<group>"; };
		C64943031D67B45D002C9D49 /* MessageCell.xib */ = {isa = PBXFileReference; fileEncoding = 4; lastKnownFileType = file.xib; name = MessageCell.xib; path = Views/MessageCell.xib; sourceTree = "<group>"; };
		C649C5471CE2C31C00258994 /* GymBuddyUp.app */ = {isa = PBXFileReference; explicitFileType = wrapper.application; includeInIndex = 0; path = GymBuddyUp.app; sourceTree = BUILT_PRODUCTS_DIR; };
		C649C54A1CE2C31C00258994 /* AppDelegate.swift */ = {isa = PBXFileReference; lastKnownFileType = sourcecode.swift; path = AppDelegate.swift; sourceTree = "<group>"; };
		C649C54F1CE2C31C00258994 /* Base */ = {isa = PBXFileReference; lastKnownFileType = file.storyboard; name = Base; path = Base.lproj/Main.storyboard; sourceTree = "<group>"; };
		C649C5511CE2C31C00258994 /* Assets.xcassets */ = {isa = PBXFileReference; lastKnownFileType = folder.assetcatalog; path = Assets.xcassets; sourceTree = "<group>"; };
		C649C5541CE2C31C00258994 /* Base */ = {isa = PBXFileReference; lastKnownFileType = file.storyboard; name = Base; path = Base.lproj/LaunchScreen.storyboard; sourceTree = "<group>"; };
		C649C5561CE2C31C00258994 /* Info.plist */ = {isa = PBXFileReference; lastKnownFileType = text.plist.xml; path = Info.plist; sourceTree = "<group>"; };
		C649C55D1CE3BBD900258994 /* Base */ = {isa = PBXFileReference; lastKnownFileType = file.storyboard; name = Base; path = Base.lproj/SignupLogin.storyboard; sourceTree = "<group>"; };
		C649C5601CE3C08700258994 /* ColorScheme.swift */ = {isa = PBXFileReference; fileEncoding = 4; lastKnownFileType = sourcecode.swift; name = ColorScheme.swift; path = Helpers/ColorScheme.swift; sourceTree = "<group>"; };
		C649C5631CE3C48B00258994 /* LandingScreenVC.swift */ = {isa = PBXFileReference; fileEncoding = 4; lastKnownFileType = sourcecode.swift; name = LandingScreenVC.swift; path = VCs/LandingScreenVC.swift; sourceTree = "<group>"; };
		C649C5661CE3C68800258994 /* BorderedButton.swift */ = {isa = PBXFileReference; fileEncoding = 4; lastKnownFileType = sourcecode.swift; name = BorderedButton.swift; path = Views/BorderedButton.swift; sourceTree = "<group>"; };
		C649C5681CE3EB1A00258994 /* SignupLoginNavVC.swift */ = {isa = PBXFileReference; fileEncoding = 4; lastKnownFileType = sourcecode.swift; name = SignupLoginNavVC.swift; path = VCs/SignupLoginNavVC.swift; sourceTree = "<group>"; };
		C649C56A1CE3EE0800258994 /* SignupVC.swift */ = {isa = PBXFileReference; fileEncoding = 4; lastKnownFileType = sourcecode.swift; name = SignupVC.swift; path = VCs/SignupVC.swift; sourceTree = "<group>"; };
		C649C56C1CE3F55E00258994 /* SetGoalVC.swift */ = {isa = PBXFileReference; fileEncoding = 4; lastKnownFileType = sourcecode.swift; name = SetGoalVC.swift; path = VCs/SetGoalVC.swift; sourceTree = "<group>"; };
		C64EC1F91D124FC3000DA37A /* TestViewController.swift */ = {isa = PBXFileReference; fileEncoding = 4; lastKnownFileType = sourcecode.swift; name = TestViewController.swift; path = VCs/TestViewController.swift; sourceTree = "<group>"; };
		C64EC1FB1D1B6B5A000DA37A /* GenderVC.swift */ = {isa = PBXFileReference; fileEncoding = 4; lastKnownFileType = sourcecode.swift; name = GenderVC.swift; path = VCs/GenderVC.swift; sourceTree = "<group>"; };
		C64EC2011D207373000DA37A /* Base */ = {isa = PBXFileReference; lastKnownFileType = file.storyboard; name = Base; path = Base.lproj/Discover.storyboard; sourceTree = "<group>"; };
		C64EC2031D207CDA000DA37A /* PlanMainVC.swift */ = {isa = PBXFileReference; fileEncoding = 4; lastKnownFileType = sourcecode.swift; name = PlanMainVC.swift; path = VCs/PlanMainVC.swift; sourceTree = "<group>"; };
		C64EC2071D207D2B000DA37A /* DiscoverMainVC.swift */ = {isa = PBXFileReference; fileEncoding = 4; lastKnownFileType = sourcecode.swift; name = DiscoverMainVC.swift; path = VCs/DiscoverMainVC.swift; sourceTree = "<group>"; };
		C64EC2091D207D69000DA37A /* PlanLibVC.swift */ = {isa = PBXFileReference; fileEncoding = 4; lastKnownFileType = sourcecode.swift; name = PlanLibVC.swift; path = VCs/PlanLibVC.swift; sourceTree = "<group>"; };
		C64EC20B1D20B317000DA37A /* PlanEditVC.swift */ = {isa = PBXFileReference; fileEncoding = 4; lastKnownFileType = sourcecode.swift; name = PlanEditVC.swift; path = VCs/PlanEditVC.swift; sourceTree = "<group>"; };
		C64EC2101D20D82B000DA37A /* Base */ = {isa = PBXFileReference; lastKnownFileType = file.storyboard; name = Base; path = Base.lproj/Inbox.storyboard; sourceTree = "<group>"; };
		C64EC2131D20D83D000DA37A /* Base */ = {isa = PBXFileReference; lastKnownFileType = file.storyboard; name = Base; path = Base.lproj/Me.storyboard; sourceTree = "<group>"; };
		C64EC2151D20D997000DA37A /* TabBarVC.swift */ = {isa = PBXFileReference; fileEncoding = 4; lastKnownFileType = sourcecode.swift; name = TabBarVC.swift; path = VCs/TabBarVC.swift; sourceTree = "<group>"; };
		C64EC2201D2DE81E000DA37A /* MeMainVC.swift */ = {isa = PBXFileReference; fileEncoding = 4; lastKnownFileType = sourcecode.swift; name = MeMainVC.swift; path = VCs/MeMainVC.swift; sourceTree = "<group>"; };
		C64EC2221D332F2C000DA37A /* UserProfileCell.swift */ = {isa = PBXFileReference; fileEncoding = 4; lastKnownFileType = sourcecode.swift; name = UserProfileCell.swift; path = Views/UserProfileCell.swift; sourceTree = "<group>"; };
		C64EC2251D334893000DA37A /* UserBuddyOverviewCell.swift */ = {isa = PBXFileReference; fileEncoding = 4; lastKnownFileType = sourcecode.swift; name = UserBuddyOverviewCell.swift; path = Views/UserBuddyOverviewCell.swift; sourceTree = "<group>"; };
		C65301E31D01F51E00DEF7A0 /* Validation.swift */ = {isa = PBXFileReference; fileEncoding = 4; lastKnownFileType = sourcecode.swift; name = Validation.swift; path = Helpers/Validation.swift; sourceTree = "<group>"; };
		C66B08181D4D55D3003B0872 /* PlanExerciseVC.swift */ = {isa = PBXFileReference; fileEncoding = 4; lastKnownFileType = sourcecode.swift; name = PlanExerciseVC.swift; path = VCs/PlanExerciseVC.swift; sourceTree = "<group>"; };
		C66B081C1D502378003B0872 /* UnderlineField.swift */ = {isa = PBXFileReference; fileEncoding = 4; lastKnownFileType = sourcecode.swift; name = UnderlineField.swift; path = Views/UnderlineField.swift; sourceTree = "<group>"; };
		C66B08211D50346F003B0872 /* Base */ = {isa = PBXFileReference; lastKnownFileType = file.storyboard; name = Base; path = Base.lproj/Tracking.storyboard; sourceTree = "<group>"; };
		C66B08241D503ADF003B0872 /* TrackMainVC.swift */ = {isa = PBXFileReference; fileEncoding = 4; lastKnownFileType = sourcecode.swift; name = TrackMainVC.swift; path = VCs/TrackMainVC.swift; sourceTree = "<group>"; };
		C67D95191D4D3B3100FAD103 /* PlanDetailCell.swift */ = {isa = PBXFileReference; fileEncoding = 4; lastKnownFileType = sourcecode.swift; name = PlanDetailCell.swift; path = Views/PlanDetailCell.swift; sourceTree = "<group>"; };
		C68165031D64C94400FC63FD /* PlanDetailVC.swift */ = {isa = PBXFileReference; fileEncoding = 4; lastKnownFileType = sourcecode.swift; name = PlanDetailVC.swift; path = VCs/PlanDetailVC.swift; sourceTree = "<group>"; };
		C68165081D65280600FC63FD /* BuddyCardCell.xib */ = {isa = PBXFileReference; fileEncoding = 4; lastKnownFileType = file.xib; name = BuddyCardCell.xib; path = Views/BuddyCardCell.xib; sourceTree = "<group>"; };
		C681650A1D65282500FC63FD /* BuddyCardCell.swift */ = {isa = PBXFileReference; fileEncoding = 4; lastKnownFileType = sourcecode.swift; name = BuddyCardCell.swift; path = Views/BuddyCardCell.swift; sourceTree = "<group>"; };
		C681650C1D66559A00FC63FD /* InviteBuddiesVC.swift */ = {isa = PBXFileReference; fileEncoding = 4; lastKnownFileType = sourcecode.swift; name = InviteBuddiesVC.swift; path = VCs/InviteBuddiesVC.swift; sourceTree = "<group>"; };
		C681650E1D665BC700FC63FD /* MeFindVC.swift */ = {isa = PBXFileReference; fileEncoding = 4; lastKnownFileType = sourcecode.swift; name = MeFindVC.swift; path = VCs/MeFindVC.swift; sourceTree = "<group>"; };
		C68165151D66836F00FC63FD /* DiscoverDetailVC.swift */ = {isa = PBXFileReference; fileEncoding = 4; lastKnownFileType = sourcecode.swift; name = DiscoverDetailVC.swift; path = VCs/DiscoverDetailVC.swift; sourceTree = "<group>"; };
		C6860BEA1D85E1C50081C89D /* StatusView.xib */ = {isa = PBXFileReference; fileEncoding = 4; lastKnownFileType = file.xib; name = StatusView.xib; path = Views/StatusView.xib; sourceTree = "<group>"; };
		C6860BEC1D85E1E00081C89D /* StatusView.swift */ = {isa = PBXFileReference; fileEncoding = 4; lastKnownFileType = sourcecode.swift; name = StatusView.swift; path = Views/StatusView.swift; sourceTree = "<group>"; };
		C6860BEE1D8692840081C89D /* NoPlanCatVC.swift */ = {isa = PBXFileReference; fileEncoding = 4; lastKnownFileType = sourcecode.swift; name = NoPlanCatVC.swift; path = VCs/NoPlanCatVC.swift; sourceTree = "<group>"; };
		C6860BF01D8692FA0081C89D /* InviteNoPlanCatCell.swift */ = {isa = PBXFileReference; fileEncoding = 4; lastKnownFileType = sourcecode.swift; name = InviteNoPlanCatCell.swift; path = Views/InviteNoPlanCatCell.swift; sourceTree = "<group>"; };
		C6860BF21D8899D40081C89D /* InviteDateCell.swift */ = {isa = PBXFileReference; fileEncoding = 4; lastKnownFileType = sourcecode.swift; name = InviteDateCell.swift; path = Views/InviteDateCell.swift; sourceTree = "<group>"; };
		C6860BF41D8899F40081C89D /* InviteGymCell.swift */ = {isa = PBXFileReference; fileEncoding = 4; lastKnownFileType = sourcecode.swift; name = InviteGymCell.swift; path = Views/InviteGymCell.swift; sourceTree = "<group>"; };
		C6860BF61D88A1B60081C89D /* InviteToCell.swift */ = {isa = PBXFileReference; fileEncoding = 4; lastKnownFileType = sourcecode.swift; name = InviteToCell.swift; path = Views/InviteToCell.swift; sourceTree = "<group>"; };
		C6860BF81D8913FC0081C89D /* MePasswordVC.swift */ = {isa = PBXFileReference; fileEncoding = 4; lastKnownFileType = sourcecode.swift; name = MePasswordVC.swift; path = VCs/MePasswordVC.swift; sourceTree = "<group>"; };
		C6860BFA1D8918FA0081C89D /* MeCreditTermVC.swift */ = {isa = PBXFileReference; fileEncoding = 4; lastKnownFileType = sourcecode.swift; name = MeCreditTermVC.swift; path = VCs/MeCreditTermVC.swift; sourceTree = "<group>"; };
		C6860BFC1D8A69E10081C89D /* LoginVC.swift */ = {isa = PBXFileReference; fileEncoding = 4; lastKnownFileType = sourcecode.swift; name = LoginVC.swift; path = VCs/LoginVC.swift; sourceTree = "<group>"; };
		C6860BFE1D8B90950081C89D /* ResetPwVC.swift */ = {isa = PBXFileReference; fileEncoding = 4; lastKnownFileType = sourcecode.swift; name = ResetPwVC.swift; path = VCs/ResetPwVC.swift; sourceTree = "<group>"; };
		C68BD2BD1D6413660060F944 /* ExerciseNumberedCell.xib */ = {isa = PBXFileReference; fileEncoding = 4; lastKnownFileType = file.xib; name = ExerciseNumberedCell.xib; path = Views/ExerciseNumberedCell.xib; sourceTree = "<group>"; };
		C6AF1EDE1D6B98C200B69D08 /* PlanLibDetailVC.swift */ = {isa = PBXFileReference; fileEncoding = 4; lastKnownFileType = sourcecode.swift; name = PlanLibDetailVC.swift; path = VCs/PlanLibDetailVC.swift; sourceTree = "<group>"; };
		C6AF1EE01D6BFFB300B69D08 /* FontScheme.swift */ = {isa = PBXFileReference; fileEncoding = 4; lastKnownFileType = sourcecode.swift; name = FontScheme.swift; path = Helpers/FontScheme.swift; sourceTree = "<group>"; };
		C6AF1EE21D6C0BA800B69D08 /* UserWorkoutHistoryCell.swift */ = {isa = PBXFileReference; fileEncoding = 4; lastKnownFileType = sourcecode.swift; name = UserWorkoutHistoryCell.swift; path = Views/UserWorkoutHistoryCell.swift; sourceTree = "<group>"; };
		C6B40A9D1D6CDAA2001DC761 /* InvitePlanVC.swift */ = {isa = PBXFileReference; fileEncoding = 4; lastKnownFileType = sourcecode.swift; name = InvitePlanVC.swift; path = VCs/InvitePlanVC.swift; sourceTree = "<group>"; };
		C6B40A9F1D6D2A3B001DC761 /* UserWorkoutOverviewCell.swift */ = {isa = PBXFileReference; fileEncoding = 4; lastKnownFileType = sourcecode.swift; name = UserWorkoutOverviewCell.swift; path = Views/UserWorkoutOverviewCell.swift; sourceTree = "<group>"; };
		C6B40AA11D6D2F2E001DC761 /* SettingsVC.swift */ = {isa = PBXFileReference; fileEncoding = 4; lastKnownFileType = sourcecode.swift; name = SettingsVC.swift; path = VCs/SettingsVC.swift; sourceTree = "<group>"; };
		C6B40AA31D6D3714001DC761 /* MeUpdateVC.swift */ = {isa = PBXFileReference; fileEncoding = 4; lastKnownFileType = sourcecode.swift; name = MeUpdateVC.swift; path = VCs/MeUpdateVC.swift; sourceTree = "<group>"; };
		C6CD01E11D3890E300D64A06 /* Extensions.swift */ = {isa = PBXFileReference; fileEncoding = 4; lastKnownFileType = sourcecode.swift; name = Extensions.swift; path = Helpers/Extensions.swift; sourceTree = "<group>"; };
		C6CD01E91D3AC07700D64A06 /* PlanBuildVC.swift */ = {isa = PBXFileReference; fileEncoding = 4; lastKnownFileType = sourcecode.swift; name = PlanBuildVC.swift; path = VCs/PlanBuildVC.swift; sourceTree = "<group>"; };
		C6CD01EC1D3AC0E300D64A06 /* Base */ = {isa = PBXFileReference; lastKnownFileType = file.storyboard; name = Base; path = Base.lproj/PlanAddExercise.storyboard; sourceTree = "<group>"; };
		C6CD01EF1D3B34DA00D64A06 /* PlanAddMainVC.swift */ = {isa = PBXFileReference; fileEncoding = 4; lastKnownFileType = sourcecode.swift; name = PlanAddMainVC.swift; path = VCs/PlanAddMainVC.swift; sourceTree = "<group>"; };
		C6CD01F11D3B368600D64A06 /* PlanAddDetailVC.swift */ = {isa = PBXFileReference; fileEncoding = 4; lastKnownFileType = sourcecode.swift; name = PlanAddDetailVC.swift; path = VCs/PlanAddDetailVC.swift; sourceTree = "<group>"; };
		C6CD01F41D3DD2BE00D64A06 /* ExerciseNumberedCell.swift */ = {isa = PBXFileReference; fileEncoding = 4; lastKnownFileType = sourcecode.swift; name = ExerciseNumberedCell.swift; path = Views/ExerciseNumberedCell.swift; sourceTree = "<group>"; };
		C6D810F61D6E9798006054AE /* InvitePlanCell.swift */ = {isa = PBXFileReference; fileEncoding = 4; lastKnownFileType = sourcecode.swift; name = InvitePlanCell.swift; path = Views/InvitePlanCell.swift; sourceTree = "<group>"; };
		C6D810F81D6E97AB006054AE /* InviteNoPlanCell.swift */ = {isa = PBXFileReference; fileEncoding = 4; lastKnownFileType = sourcecode.swift; name = InviteNoPlanCell.swift; path = Views/InviteNoPlanCell.swift; sourceTree = "<group>"; };
		C6D810FA1D6E97C3006054AE /* InviteAddPlanCell.swift */ = {isa = PBXFileReference; fileEncoding = 4; lastKnownFileType = sourcecode.swift; name = InviteAddPlanCell.swift; path = Views/InviteAddPlanCell.swift; sourceTree = "<group>"; };
/* End PBXFileReference section */

/* Begin PBXFrameworksBuildPhase section */
		C649C5441CE2C31C00258994 /* Frameworks */ = {
			isa = PBXFrameworksBuildPhase;
			buildActionMask = 2147483647;
			files = (
				9324413A0BE328491CEFFAA2 /* Pods_GymBuddyUp.framework in Frameworks */,
			);
			runOnlyForDeploymentPostprocessing = 0;
		};
/* End PBXFrameworksBuildPhase section */

/* Begin PBXGroup section */
		885C5EAA3B1098E70E447E3C /* Pods */ = {
			isa = PBXGroup;
			children = (
				5DDB769693B4797FCAD24440 /* Pods-GymBuddyUp.debug.xcconfig */,
				5360AE00851DB8194874EFBF /* Pods-GymBuddyUp.release.xcconfig */,
			);
			name = Pods;
			sourceTree = "<group>";
		};
		B6F00B701D66B34600B09177 /* GeoFire */ = {
			isa = PBXGroup;
			children = (
				B6F00B711D66B34600B09177 /* API */,
				B6F00B761D66B34600B09177 /* GeoFire-Prefix.pch */,
				B6F00B771D66B34600B09177 /* Implementation */,
			);
			name = GeoFire;
			path = GymBuddyUp/GeoFire;
			sourceTree = "<group>";
		};
		B6F00B711D66B34600B09177 /* API */ = {
			isa = PBXGroup;
			children = (
				B6F00B721D66B34600B09177 /* GeoFire.h */,
				B6F00B731D66B34600B09177 /* GFCircleQuery.h */,
				B6F00B741D66B34600B09177 /* GFQuery.h */,
				B6F00B751D66B34600B09177 /* GFRegionQuery.h */,
			);
			path = API;
			sourceTree = "<group>";
		};
		B6F00B771D66B34600B09177 /* Implementation */ = {
			isa = PBXGroup;
			children = (
				B6F00B781D66B34600B09177 /* GeoFire+Private.h */,
				B6F00B791D66B34600B09177 /* GeoFire.m */,
				B6F00B7A1D66B34600B09177 /* GFBase32Utils.h */,
				B6F00B7B1D66B34600B09177 /* GFBase32Utils.m */,
				B6F00B7C1D66B34600B09177 /* GFGeoHash.h */,
				B6F00B7D1D66B34600B09177 /* GFGeoHash.m */,
				B6F00B7E1D66B34600B09177 /* GFGeoHashQuery.h */,
				B6F00B7F1D66B34600B09177 /* GFGeoHashQuery.m */,
				B6F00B801D66B34600B09177 /* GFQuery+Private.h */,
				B6F00B811D66B34600B09177 /* GFQuery.m */,
			);
			path = Implementation;
			sourceTree = "<group>";
		};
		B6F00B9A1D66B3E400B09177 /* API */ = {
			isa = PBXGroup;
			children = (
				B6F00BA21D66B3E400B09177 /* ScheduledWorkout.swift */,
				B6F00BA31D66B3E400B09177 /* User.swift */,
				B6F00B9C1D66B3E400B09177 /* GoogleAPI.swift */,
				B6F00B9E1D66B3E400B09177 /* Invite.swift */,
				B6B436691D76C2FA003EF548 /* Friend.swift */,
				B6F00B9F1D66B3E400B09177 /* Library.swift */,
				B6F415CC1D6A8CBA0031F8F7 /* Discover.swift */,
				9FA0DF121D700601003CACEE /* Tracking.swift */,
			);
			path = API;
			sourceTree = "<group>";
		};
		C11F64DC1D66592300FFF5DB /* Labels */ = {
			isa = PBXGroup;
			children = (
				C11F64DF1D66596200FFF5DB /* KKParamsLabel.swift */,
				C1F08E8C1D7E06B500E6CA77 /* BadgeSwift.swift */,
			);
			name = Labels;
			sourceTree = "<group>";
		};
		C1388BA41D65184000513C05 /* Button */ = {
			isa = PBXGroup;
			children = (
				C649C5661CE3C68800258994 /* BorderedButton.swift */,
				C11F64E91D67B2A300FFF5DB /* DropDownTitleNavButton.swift */,
				C1388BA51D65189700513C05 /* TrackingNavigationButton.swift */,
			);
			name = Button;
			sourceTree = "<group>";
		};
		C1C28C0D1DABF5E800972202 /* Cache */ = {
			isa = PBXGroup;
			children = (
				C1C28C0E1DABF5F700972202 /* UserCache.swift */,
				C1C28C101DABF66D00972202 /* LocationCache.swift */,
				C15238331DC2EE70006CC091 /* InvitationCache.swift */,
			);
			name = Cache;
			sourceTree = "<group>";
		};
		C1E471551D6F63A800C19AAA /* Picker */ = {
			isa = PBXGroup;
			children = (
				C11F64DA1D6595FA00FFF5DB /* AKPickerView.swift */,
			);
			name = Picker;
			sourceTree = "<group>";
		};
		C1E471561D6F63B500C19AAA /* ProgressBar */ = {
			isa = PBXGroup;
			children = (
				C1FF9ACD1D6E30B2005842F3 /* RPCircularProgress.swift */,
			);
			name = ProgressBar;
			sourceTree = "<group>";
		};
		C1E471571D6F63C300C19AAA /* Misc */ = {
			isa = PBXGroup;
			children = (
				C66B081C1D502378003B0872 /* UnderlineField.swift */,
				C1FF9AC91D6D12D5005842F3 /* TrackingPopOverBackgroundView.swift */,
				C6860BEA1D85E1C50081C89D /* StatusView.xib */,
				C6860BEC1D85E1E00081C89D /* StatusView.swift */,
			);
			name = Misc;
			sourceTree = "<group>";
		};
		C1F08E7F1D780D9B00E6CA77 /* Chat */ = {
			isa = PBXGroup;
			children = (
				C1F08E801D780DBE00E6CA77 /* ChatViewController.swift */,
			);
			name = Chat;
			sourceTree = "<group>";
		};
		C607BA431D57A37600B1348B /* Invitation */ = {
			isa = PBXGroup;
			children = (
				C607BA441D57A3A100B1348B /* InviteMainVC.swift */,
				C607BA481D57E14500B1348B /* InviteGymVC.swift */,
				C681650C1D66559A00FC63FD /* InviteBuddiesVC.swift */,
				C6B40A9D1D6CDAA2001DC761 /* InvitePlanVC.swift */,
				C6860BEE1D8692840081C89D /* NoPlanCatVC.swift */,
			);
			name = Invitation;
			sourceTree = "<group>";
		};
		C607BA4C1D58230B00B1348B /* Me */ = {
			isa = PBXGroup;
			children = (
				C64EC2201D2DE81E000DA37A /* MeMainVC.swift */,
				C607BA4D1D58232B00B1348B /* MeBuddiesVC.swift */,
				C681650E1D665BC700FC63FD /* MeFindVC.swift */,
				C6B40AA11D6D2F2E001DC761 /* SettingsVC.swift */,
				C6B40AA31D6D3714001DC761 /* MeUpdateVC.swift */,
				C6860BF81D8913FC0081C89D /* MePasswordVC.swift */,
				C6860BFA1D8918FA0081C89D /* MeCreditTermVC.swift */,
				C1ECE5501DB4AFF50060B94E /* SearchUserViewController.swift */,
			);
			name = Me;
			sourceTree = "<group>";
		};
		C64942FF1D67B39A002C9D49 /* Inbox */ = {
			isa = PBXGroup;
			children = (
				C64943001D67B3BB002C9D49 /* InboxMainVC.swift */,
			);
			name = Inbox;
			sourceTree = "<group>";
		};
		C649C53E1CE2C31C00258994 = {
			isa = PBXGroup;
			children = (
				B6F00B701D66B34600B09177 /* GeoFire */,
				C649C5491CE2C31C00258994 /* GymBuddyUp */,
				C649C5481CE2C31C00258994 /* Products */,
				885C5EAA3B1098E70E447E3C /* Pods */,
				CF834469C9C63C7A32775520 /* Frameworks */,
			);
			sourceTree = "<group>";
		};
		C649C5481CE2C31C00258994 /* Products */ = {
			isa = PBXGroup;
			children = (
				C649C5471CE2C31C00258994 /* GymBuddyUp.app */,
			);
			name = Products;
			sourceTree = "<group>";
		};
		C649C5491CE2C31C00258994 /* GymBuddyUp */ = {
			isa = PBXGroup;
			children = (
				C1C28C0D1DABF5E800972202 /* Cache */,
				C68007651D6AE38D00A26E12 /* Models */,
				C649C54A1CE2C31C00258994 /* AppDelegate.swift */,
				B6F00B9A1D66B3E400B09177 /* API */,
				C649C5651CE3C64F00258994 /* Views */,
				C649C55F1CE3C04600258994 /* Helpers */,
				C649C5621CE3C45400258994 /* VCs */,
				C649C54E1CE2C31C00258994 /* Main.storyboard */,
				C1F08E731D77BC3200E6CA77 /* Chat.storyboard */,
				C64EC20F1D20D82B000DA37A /* Inbox.storyboard */,
				C64EC2121D20D83D000DA37A /* Me.storyboard */,
				9F4D9DA91D878FC2000FC787 /* Plan.storyboard */,
				C64EC2001D207373000DA37A /* Discover.storyboard */,
				C607BA401D57A31700B1348B /* Invitation.storyboard */,
				C66B08201D50346F003B0872 /* Tracking.storyboard */,
				C6CD01EB1D3AC0E300D64A06 /* PlanAddExercise.storyboard */,
				C649C55C1CE3BBD900258994 /* SignupLogin.storyboard */,
				C649C5531CE2C31C00258994 /* LaunchScreen.storyboard */,
				C649C5511CE2C31C00258994 /* Assets.xcassets */,
				B6F00BAD1D66B40400B09177 /* GymBuddyUp-Bridging-Header.h */,
				B6CF8D541D20EC3100BF9075 /* GoogleService-Info.plist */,
				C649C5561CE2C31C00258994 /* Info.plist */,
			);
			path = GymBuddyUp;
			sourceTree = "<group>";
		};
		C649C55F1CE3C04600258994 /* Helpers */ = {
			isa = PBXGroup;
			children = (
				C6CD01E11D3890E300D64A06 /* Extensions.swift */,
				C649C5601CE3C08700258994 /* ColorScheme.swift */,
				C6AF1EE01D6BFFB300B69D08 /* FontScheme.swift */,
				C60986581CEEC25200A0AFE3 /* Utils.swift */,
				C65301E31D01F51E00DEF7A0 /* Validation.swift */,
			);
			name = Helpers;
			sourceTree = "<group>";
		};
		C649C5621CE3C45400258994 /* VCs */ = {
			isa = PBXGroup;
			children = (
				C1F08E7F1D780D9B00E6CA77 /* Chat */,
				C64942FF1D67B39A002C9D49 /* Inbox */,
				C68165141D66831D00FC63FD /* Discover */,
				C607BA4C1D58230B00B1348B /* Me */,
				C607BA431D57A37600B1348B /* Invitation */,
				C66B08231D503AB1003B0872 /* Tracking */,
				C6CD01EE1D3B34B000D64A06 /* PlanAdd */,
				C64EC2061D207CF2000DA37A /* SignupLogin */,
				C64EC2051D207CE6000DA37A /* Plan */,
				C64EC1F91D124FC3000DA37A /* TestViewController.swift */,
				C64EC2151D20D997000DA37A /* TabBarVC.swift */,
				C6304E151D618B6000EE7110 /* PlanLibNavVC.swift */,
				C64942FD1D6775B3002C9D49 /* GymMapVC.swift */,
			);
			name = VCs;
			sourceTree = "<group>";
		};
		C649C5651CE3C64F00258994 /* Views */ = {
			isa = PBXGroup;
			children = (
				C1E471571D6F63C300C19AAA /* Misc */,
				C1E471561D6F63B500C19AAA /* ProgressBar */,
				C1E471551D6F63A800C19AAA /* Picker */,
				C11F64DC1D66592300FFF5DB /* Labels */,
				C1388BA41D65184000513C05 /* Button */,
				C64EC21C1D289DCA000DA37A /* Cells */,
			);
			name = Views;
			sourceTree = "<group>";
		};
		C64EC2051D207CE6000DA37A /* Plan */ = {
			isa = PBXGroup;
			children = (
				9F4D9DA71D8667B9000FC787 /* CheckinVC.swift */,
				C6CD01E91D3AC07700D64A06 /* PlanBuildVC.swift */,
				C64EC2031D207CDA000DA37A /* PlanMainVC.swift */,
				C64EC2091D207D69000DA37A /* PlanLibVC.swift */,
				C6AF1EDE1D6B98C200B69D08 /* PlanLibDetailVC.swift */,
				C64EC20B1D20B317000DA37A /* PlanEditVC.swift */,
				C66B08181D4D55D3003B0872 /* PlanExerciseVC.swift */,
				C68165031D64C94400FC63FD /* PlanDetailVC.swift */,
			);
			name = Plan;
			sourceTree = "<group>";
		};
		C64EC2061D207CF2000DA37A /* SignupLogin */ = {
			isa = PBXGroup;
			children = (
				C649C5681CE3EB1A00258994 /* SignupLoginNavVC.swift */,
				C649C5631CE3C48B00258994 /* LandingScreenVC.swift */,
				C649C56A1CE3EE0800258994 /* SignupVC.swift */,
				C649C56C1CE3F55E00258994 /* SetGoalVC.swift */,
				C64EC1FB1D1B6B5A000DA37A /* GenderVC.swift */,
				C6860BFC1D8A69E10081C89D /* LoginVC.swift */,
				C6860BFE1D8B90950081C89D /* ResetPwVC.swift */,
			);
			name = SignupLogin;
			sourceTree = "<group>";
		};
		C64EC21C1D289DCA000DA37A /* Cells */ = {
			isa = PBXGroup;
			children = (
				C68165051D650D2100FC63FD /* Reuse */,
				C67D95191D4D3B3100FAD103 /* PlanDetailCell.swift */,
				C607BA4F1D582A6100B1348B /* BuddyCell.swift */,
				C64EC2221D332F2C000DA37A /* UserProfileCell.swift */,
				C64EC2251D334893000DA37A /* UserBuddyOverviewCell.swift */,
				C607BA261D52CE7900B1348B /* LibraryCatCell.swift */,
				C607BA551D5AE80800B1348B /* GymCell.swift */,
				C11F64E51D6785EF00FFF5DB /* TrackedItemPopoverCell.swift */,
				C11F64E61D6785EF00FFF5DB /* TrackedItemPopoverCell.xib */,
				C6AF1EE21D6C0BA800B69D08 /* UserWorkoutHistoryCell.swift */,
				C6B40A9F1D6D2A3B001DC761 /* UserWorkoutOverviewCell.swift */,
				C6D810F61D6E9798006054AE /* InvitePlanCell.swift */,
				C6D810F81D6E97AB006054AE /* InviteNoPlanCell.swift */,
				C6D810FA1D6E97C3006054AE /* InviteAddPlanCell.swift */,
				C6860BF01D8692FA0081C89D /* InviteNoPlanCatCell.swift */,
				C6860BF21D8899D40081C89D /* InviteDateCell.swift */,
				C6860BF41D8899F40081C89D /* InviteGymCell.swift */,
				C6860BF61D88A1B60081C89D /* InviteToCell.swift */,
			);
			name = Cells;
			sourceTree = "<group>";
		};
		C66B08231D503AB1003B0872 /* Tracking */ = {
			isa = PBXGroup;
			children = (
				C11F64E11D6670D400FFF5DB /* DoneModalViewController.swift */,
				C1FF9ACB1D6D7DF2005842F3 /* BreakModalViewController.swift */,
				C11F64E31D67822F00FFF5DB /* TrackingPopOverViewController.swift */,
				C66B08241D503ADF003B0872 /* TrackMainVC.swift */,
			);
			name = Tracking;
			sourceTree = "<group>";
		};
		C68007651D6AE38D00A26E12 /* Models */ = {
			isa = PBXGroup;
			children = (
				C1F08E7D1D77C1FB00E6CA77 /* Message.swift */,
				C1388BA01D64F7A500513C05 /* TrackedPlan.swift */,
				C1388BA21D64FC5B00513C05 /* TrackedItem.swift */,
				B6F00B9B1D66B3E400B09177 /* Exercise.swift */,
				B6F00B9D1D66B3E400B09177 /* Gym.swift */,
				B6F00BA01D66B3E400B09177 /* MidCat.swift */,
				B6F00BA11D66B3E400B09177 /* Plan.swift */,
				9FA0DF101D6FB7CE003CACEE /* BestRecord.swift */,
				C1F7D17C1D725A95002C6CCD /* InboxMessage.swift */,
				C1F08E841D78EDA700E6CA77 /* Conversation.swift */,
			);
			name = Models;
			sourceTree = "<group>";
		};
		C68165051D650D2100FC63FD /* Reuse */ = {
			isa = PBXGroup;
			children = (
				C6CD01F41D3DD2BE00D64A06 /* ExerciseNumberedCell.swift */,
				C68BD2BD1D6413660060F944 /* ExerciseNumberedCell.xib */,
				C6304E191D6387C700EE7110 /* WorkoutCell.xib */,
				C6304E1B1D639FD800EE7110 /* WorkoutCell.swift */,
				C68165081D65280600FC63FD /* BuddyCardCell.xib */,
				C681650A1D65282500FC63FD /* BuddyCardCell.swift */,
				C64943021D67B45D002C9D49 /* MessageCell.swift */,
				C64943031D67B45D002C9D49 /* MessageCell.xib */,
				C1F08E861D7D130B00E6CA77 /* ConversationCell.swift */,
				C1F08E871D7D130B00E6CA77 /* ConversationCell.xib */,
			);
			name = Reuse;
			sourceTree = "<group>";
		};
		C68165141D66831D00FC63FD /* Discover */ = {
			isa = PBXGroup;
			children = (
				C64EC2071D207D2B000DA37A /* DiscoverMainVC.swift */,
				C68165151D66836F00FC63FD /* DiscoverDetailVC.swift */,
			);
			name = Discover;
			sourceTree = "<group>";
		};
		C6CD01EE1D3B34B000D64A06 /* PlanAdd */ = {
			isa = PBXGroup;
			children = (
				C6CD01EF1D3B34DA00D64A06 /* PlanAddMainVC.swift */,
				C6CD01F11D3B368600D64A06 /* PlanAddDetailVC.swift */,
			);
			name = PlanAdd;
			sourceTree = "<group>";
		};
		CF834469C9C63C7A32775520 /* Frameworks */ = {
			isa = PBXGroup;
			children = (
				8BF459C803E3032E46FA073C /* Pods_GymBuddyUp.framework */,
			);
			name = Frameworks;
			sourceTree = "<group>";
		};
/* End PBXGroup section */

/* Begin PBXNativeTarget section */
		C649C5461CE2C31C00258994 /* GymBuddyUp */ = {
			isa = PBXNativeTarget;
			buildConfigurationList = C649C5591CE2C31C00258994 /* Build configuration list for PBXNativeTarget "GymBuddyUp" */;
			buildPhases = (
				EAFC887F1C0146EE600483F6 /* [CP] Check Pods Manifest.lock */,
				C649C5431CE2C31C00258994 /* Sources */,
				C649C5441CE2C31C00258994 /* Frameworks */,
				C649C5451CE2C31C00258994 /* Resources */,
				995C4A9C8BD12A9EA1D79FDB /* [CP] Embed Pods Frameworks */,
				B18F7A12CA9DC1BF136E170C /* [CP] Copy Pods Resources */,
			);
			buildRules = (
			);
			dependencies = (
			);
			name = GymBuddyUp;
			productName = GymBuddyUp;
			productReference = C649C5471CE2C31C00258994 /* GymBuddyUp.app */;
			productType = "com.apple.product-type.application";
		};
/* End PBXNativeTarget section */

/* Begin PBXProject section */
		C649C53F1CE2C31C00258994 /* Project object */ = {
			isa = PBXProject;
			attributes = {
				LastSwiftUpdateCheck = 0730;
				LastUpgradeCheck = 0800;
				ORGANIZATIONNAME = "You Wu";
				TargetAttributes = {
					C649C5461CE2C31C00258994 = {
						CreatedOnToolsVersion = 7.3.1;
						DevelopmentTeam = MT7235KFGL;
					};
				};
			};
			buildConfigurationList = C649C5421CE2C31C00258994 /* Build configuration list for PBXProject "GymBuddyUp" */;
			compatibilityVersion = "Xcode 3.2";
			developmentRegion = English;
			hasScannedForEncodings = 0;
			knownRegions = (
				en,
				Base,
			);
			mainGroup = C649C53E1CE2C31C00258994;
			productRefGroup = C649C5481CE2C31C00258994 /* Products */;
			projectDirPath = "";
			projectRoot = "";
			targets = (
				C649C5461CE2C31C00258994 /* GymBuddyUp */,
			);
		};
/* End PBXProject section */

/* Begin PBXResourcesBuildPhase section */
		C649C5451CE2C31C00258994 /* Resources */ = {
			isa = PBXResourcesBuildPhase;
			buildActionMask = 2147483647;
			files = (
				C6860BEB1D85E1C50081C89D /* StatusView.xib in Resources */,
				C1F08E741D77BC3200E6CA77 /* Chat.storyboard in Resources */,
				C11F64E81D6785EF00FFF5DB /* TrackedItemPopoverCell.xib in Resources */,
				C649C55E1CE3BBD900258994 /* SignupLogin.storyboard in Resources */,
				C6304E1A1D6387C700EE7110 /* WorkoutCell.xib in Resources */,
				C68BD2BE1D6413660060F944 /* ExerciseNumberedCell.xib in Resources */,
				C68165091D65280600FC63FD /* BuddyCardCell.xib in Resources */,
				C649C5551CE2C31C00258994 /* LaunchScreen.storyboard in Resources */,
				C64943051D67B45D002C9D49 /* MessageCell.xib in Resources */,
				C607BA421D57A31700B1348B /* Invitation.storyboard in Resources */,
				B6CF8D551D20EC3100BF9075 /* GoogleService-Info.plist in Resources */,
				C6CD01ED1D3AC0E300D64A06 /* PlanAddExercise.storyboard in Resources */,
				C649C5521CE2C31C00258994 /* Assets.xcassets in Resources */,
				C64EC2111D20D82B000DA37A /* Inbox.storyboard in Resources */,
				C649C5501CE2C31C00258994 /* Main.storyboard in Resources */,
				C66B08221D50346F003B0872 /* Tracking.storyboard in Resources */,
				C64EC2141D20D83D000DA37A /* Me.storyboard in Resources */,
				C1F08E891D7D130B00E6CA77 /* ConversationCell.xib in Resources */,
				9F4D9DAB1D878FC2000FC787 /* Plan.storyboard in Resources */,
				C64EC2021D207373000DA37A /* Discover.storyboard in Resources */,
			);
			runOnlyForDeploymentPostprocessing = 0;
		};
/* End PBXResourcesBuildPhase section */

/* Begin PBXShellScriptBuildPhase section */
		995C4A9C8BD12A9EA1D79FDB /* [CP] Embed Pods Frameworks */ = {
			isa = PBXShellScriptBuildPhase;
			buildActionMask = 2147483647;
			files = (
			);
			inputPaths = (
			);
			name = "[CP] Embed Pods Frameworks";
			outputPaths = (
			);
			runOnlyForDeploymentPostprocessing = 0;
			shellPath = /bin/sh;
			shellScript = "\"${SRCROOT}/Pods/Target Support Files/Pods-GymBuddyUp/Pods-GymBuddyUp-frameworks.sh\"\n";
			showEnvVarsInLog = 0;
		};
		B18F7A12CA9DC1BF136E170C /* [CP] Copy Pods Resources */ = {
			isa = PBXShellScriptBuildPhase;
			buildActionMask = 2147483647;
			files = (
			);
			inputPaths = (
			);
			name = "[CP] Copy Pods Resources";
			outputPaths = (
			);
			runOnlyForDeploymentPostprocessing = 0;
			shellPath = /bin/sh;
			shellScript = "\"${SRCROOT}/Pods/Target Support Files/Pods-GymBuddyUp/Pods-GymBuddyUp-resources.sh\"\n";
			showEnvVarsInLog = 0;
		};
		EAFC887F1C0146EE600483F6 /* [CP] Check Pods Manifest.lock */ = {
			isa = PBXShellScriptBuildPhase;
			buildActionMask = 2147483647;
			files = (
			);
			inputPaths = (
			);
			name = "[CP] Check Pods Manifest.lock";
			outputPaths = (
			);
			runOnlyForDeploymentPostprocessing = 0;
			shellPath = /bin/sh;
			shellScript = "diff \"${PODS_ROOT}/../Podfile.lock\" \"${PODS_ROOT}/Manifest.lock\" > /dev/null\nif [[ $? != 0 ]] ; then\n    cat << EOM\nerror: The sandbox is not in sync with the Podfile.lock. Run 'pod install' or update your CocoaPods installation.\nEOM\n    exit 1\nfi\n";
			showEnvVarsInLog = 0;
		};
/* End PBXShellScriptBuildPhase section */

/* Begin PBXSourcesBuildPhase section */
		C649C5431CE2C31C00258994 /* Sources */ = {
			isa = PBXSourcesBuildPhase;
			buildActionMask = 2147483647;
			files = (
				9FA0DF131D700601003CACEE /* Tracking.swift in Sources */,
				C607BA501D582A6100B1348B /* BuddyCell.swift in Sources */,
				C1F08E811D780DBE00E6CA77 /* ChatViewController.swift in Sources */,
				B6F00BA61D66B3E400B09177 /* Gym.swift in Sources */,
				B6F00BA91D66B3E400B09177 /* MidCat.swift in Sources */,
				C64942FE1D6775B3002C9D49 /* GymMapVC.swift in Sources */,
				C67D951A1D4D3B3100FAD103 /* PlanDetailCell.swift in Sources */,
				B6F00BAA1D66B3E400B09177 /* Plan.swift in Sources */,
				C6CD01EA1D3AC07700D64A06 /* PlanBuildVC.swift in Sources */,
				C11F64E71D6785EF00FFF5DB /* TrackedItemPopoverCell.swift in Sources */,
				C6CD01E21D3890E300D64A06 /* Extensions.swift in Sources */,
				C6CD01F21D3B368600D64A06 /* PlanAddDetailVC.swift in Sources */,
				C64EC2261D334893000DA37A /* UserBuddyOverviewCell.swift in Sources */,
				C64EC2041D207CDA000DA37A /* PlanMainVC.swift in Sources */,
				C1388BA31D64FC5B00513C05 /* TrackedItem.swift in Sources */,
				C6B40AA01D6D2A3B001DC761 /* UserWorkoutOverviewCell.swift in Sources */,
				C66B08251D503ADF003B0872 /* TrackMainVC.swift in Sources */,
				C64EC1FA1D124FC3000DA37A /* TestViewController.swift in Sources */,
				B6F00BAB1D66B3E400B09177 /* ScheduledWorkout.swift in Sources */,
				C607BA271D52CE7900B1348B /* LibraryCatCell.swift in Sources */,
				C1388BA11D64F7A500513C05 /* TrackedPlan.swift in Sources */,
				C649C5671CE3C68800258994 /* BorderedButton.swift in Sources */,
				C6B40AA41D6D3714001DC761 /* MeUpdateVC.swift in Sources */,
				C11F64E21D6670D400FFF5DB /* DoneModalViewController.swift in Sources */,
				C681650D1D66559A00FC63FD /* InviteBuddiesVC.swift in Sources */,
				C6860BFF1D8B90950081C89D /* ResetPwVC.swift in Sources */,
				C68165041D64C94400FC63FD /* PlanDetailVC.swift in Sources */,
				C6860BF71D88A1B60081C89D /* InviteToCell.swift in Sources */,
				C6D810F91D6E97AB006054AE /* InviteNoPlanCell.swift in Sources */,
				C6860BF31D8899D40081C89D /* InviteDateCell.swift in Sources */,
				B6F415CD1D6A8CBA0031F8F7 /* Discover.swift in Sources */,
				C681650B1D65282500FC63FD /* BuddyCardCell.swift in Sources */,
				C1FF9ACE1D6E30B2005842F3 /* RPCircularProgress.swift in Sources */,
				C6860BF11D8692FA0081C89D /* InviteNoPlanCatCell.swift in Sources */,
				B6F00BA71D66B3E400B09177 /* Invite.swift in Sources */,
				C64EC1FC1D1B6B5A000DA37A /* GenderVC.swift in Sources */,
				C1ECE5511DB4AFF50060B94E /* SearchUserViewController.swift in Sources */,
				B6F00BA41D66B3E400B09177 /* Exercise.swift in Sources */,
				C6860BF51D8899F40081C89D /* InviteGymCell.swift in Sources */,
				C6860BFD1D8A69E10081C89D /* LoginVC.swift in Sources */,
				C1F08E881D7D130B00E6CA77 /* ConversationCell.swift in Sources */,
				C6860BF91D8913FC0081C89D /* MePasswordVC.swift in Sources */,
				C1F08E8D1D7E06B500E6CA77 /* BadgeSwift.swift in Sources */,
				C1F08E7E1D77C1FB00E6CA77 /* Message.swift in Sources */,
				C649C56B1CE3EE0800258994 /* SignupVC.swift in Sources */,
				C1C28C111DABF66D00972202 /* LocationCache.swift in Sources */,
				C64EC20A1D207D69000DA37A /* PlanLibVC.swift in Sources */,
				9FA0DF111D6FB7CE003CACEE /* BestRecord.swift in Sources */,
				C66B081D1D502378003B0872 /* UnderlineField.swift in Sources */,
				B6F00B821D66B34600B09177 /* GeoFire.m in Sources */,
				C1FF9ACC1D6D7DF2005842F3 /* BreakModalViewController.swift in Sources */,
				C1FF9ACA1D6D12D5005842F3 /* TrackingPopOverBackgroundView.swift in Sources */,
				C64EC2211D2DE81E000DA37A /* MeMainVC.swift in Sources */,
				C6D810FB1D6E97C3006054AE /* InviteAddPlanCell.swift in Sources */,
				C11F64EA1D67B2A300FFF5DB /* DropDownTitleNavButton.swift in Sources */,
				C1F7D17D1D725A95002C6CCD /* InboxMessage.swift in Sources */,
				C68165161D66836F00FC63FD /* DiscoverDetailVC.swift in Sources */,
				C6AF1EE31D6C0BA800B69D08 /* UserWorkoutHistoryCell.swift in Sources */,
				C64EC2081D207D2B000DA37A /* DiscoverMainVC.swift in Sources */,
				C6CD01F51D3DD2BE00D64A06 /* ExerciseNumberedCell.swift in Sources */,
				C649C56D1CE3F55E00258994 /* SetGoalVC.swift in Sources */,
				C6304E161D618B6000EE7110 /* PlanLibNavVC.swift in Sources */,
				B6F00BA51D66B3E400B09177 /* GoogleAPI.swift in Sources */,
				C64EC2161D20D997000DA37A /* TabBarVC.swift in Sources */,
				B6F00BAC1D66B3E400B09177 /* User.swift in Sources */,
				C607BA561D5AE80800B1348B /* GymCell.swift in Sources */,
				C649C5691CE3EB1A00258994 /* SignupLoginNavVC.swift in Sources */,
				C6860BFB1D8918FA0081C89D /* MeCreditTermVC.swift in Sources */,
				C6AF1EE11D6BFFB300B69D08 /* FontScheme.swift in Sources */,
				C6CD01F01D3B34DA00D64A06 /* PlanAddMainVC.swift in Sources */,
				C649C5611CE3C08700258994 /* ColorScheme.swift in Sources */,
				C64943041D67B45D002C9D49 /* MessageCell.swift in Sources */,
				C6B40A9E1D6CDAA2001DC761 /* InvitePlanVC.swift in Sources */,
				C649C5641CE3C48B00258994 /* LandingScreenVC.swift in Sources */,
				B6F00B841D66B34600B09177 /* GFGeoHash.m in Sources */,
				C64EC2231D332F2C000DA37A /* UserProfileCell.swift in Sources */,
				C60986591CEEC25200A0AFE3 /* Utils.swift in Sources */,
				C1C28C0F1DABF5F700972202 /* UserCache.swift in Sources */,
				C607BA4E1D58232B00B1348B /* MeBuddiesVC.swift in Sources */,
				C11F64E41D67822F00FFF5DB /* TrackingPopOverViewController.swift in Sources */,
				C681650F1D665BC700FC63FD /* MeFindVC.swift in Sources */,
				B6F00B831D66B34600B09177 /* GFBase32Utils.m in Sources */,
				C15238341DC2EE70006CC091 /* InvitationCache.swift in Sources */,
				C6B40AA21D6D2F2E001DC761 /* SettingsVC.swift in Sources */,
				B6F00B851D66B34600B09177 /* GFGeoHashQuery.m in Sources */,
				C66B08191D4D55D3003B0872 /* PlanExerciseVC.swift in Sources */,
				C1F08E851D78EDA700E6CA77 /* Conversation.swift in Sources */,
				C64943011D67B3BB002C9D49 /* InboxMainVC.swift in Sources */,
				C6304E1C1D639FD800EE7110 /* WorkoutCell.swift in Sources */,
				C607BA451D57A3A100B1348B /* InviteMainVC.swift in Sources */,
				C6AF1EDF1D6B98C200B69D08 /* PlanLibDetailVC.swift in Sources */,
				C65301E41D01F51E00DEF7A0 /* Validation.swift in Sources */,
				C11F64E01D66596200FFF5DB /* KKParamsLabel.swift in Sources */,
				C64EC20C1D20B317000DA37A /* PlanEditVC.swift in Sources */,
				C6D810F71D6E9798006054AE /* InvitePlanCell.swift in Sources */,
				C607BA491D57E14500B1348B /* InviteGymVC.swift in Sources */,
				C6860BED1D85E1E00081C89D /* StatusView.swift in Sources */,
				C11F64DB1D6595FA00FFF5DB /* AKPickerView.swift in Sources */,
				C649C54B1CE2C31C00258994 /* AppDelegate.swift in Sources */,
				C1388BA61D65189700513C05 /* TrackingNavigationButton.swift in Sources */,
				B6B4366A1D76C2FA003EF548 /* Friend.swift in Sources */,
				B6F00BA81D66B3E400B09177 /* Library.swift in Sources */,
				9F4D9DA81D8667B9000FC787 /* CheckinVC.swift in Sources */,
				B6F00B861D66B34600B09177 /* GFQuery.m in Sources */,
				C6860BEF1D8692840081C89D /* NoPlanCatVC.swift in Sources */,
			);
			runOnlyForDeploymentPostprocessing = 0;
		};
/* End PBXSourcesBuildPhase section */

/* Begin PBXVariantGroup section */
		9F4D9DA91D878FC2000FC787 /* Plan.storyboard */ = {
			isa = PBXVariantGroup;
			children = (
				9F4D9DAA1D878FC2000FC787 /* Base */,
			);
			name = Plan.storyboard;
			sourceTree = "<group>";
		};
		C607BA401D57A31700B1348B /* Invitation.storyboard */ = {
			isa = PBXVariantGroup;
			children = (
				C607BA411D57A31700B1348B /* Base */,
			);
			name = Invitation.storyboard;
			sourceTree = "<group>";
		};
		C649C54E1CE2C31C00258994 /* Main.storyboard */ = {
			isa = PBXVariantGroup;
			children = (
				C649C54F1CE2C31C00258994 /* Base */,
			);
			name = Main.storyboard;
			sourceTree = "<group>";
		};
		C649C5531CE2C31C00258994 /* LaunchScreen.storyboard */ = {
			isa = PBXVariantGroup;
			children = (
				C649C5541CE2C31C00258994 /* Base */,
			);
			name = LaunchScreen.storyboard;
			sourceTree = "<group>";
		};
		C649C55C1CE3BBD900258994 /* SignupLogin.storyboard */ = {
			isa = PBXVariantGroup;
			children = (
				C649C55D1CE3BBD900258994 /* Base */,
			);
			name = SignupLogin.storyboard;
			sourceTree = "<group>";
		};
		C64EC2001D207373000DA37A /* Discover.storyboard */ = {
			isa = PBXVariantGroup;
			children = (
				C64EC2011D207373000DA37A /* Base */,
			);
			name = Discover.storyboard;
			sourceTree = "<group>";
		};
		C64EC20F1D20D82B000DA37A /* Inbox.storyboard */ = {
			isa = PBXVariantGroup;
			children = (
				C64EC2101D20D82B000DA37A /* Base */,
			);
			name = Inbox.storyboard;
			sourceTree = "<group>";
		};
		C64EC2121D20D83D000DA37A /* Me.storyboard */ = {
			isa = PBXVariantGroup;
			children = (
				C64EC2131D20D83D000DA37A /* Base */,
			);
			name = Me.storyboard;
			sourceTree = "<group>";
		};
		C66B08201D50346F003B0872 /* Tracking.storyboard */ = {
			isa = PBXVariantGroup;
			children = (
				C66B08211D50346F003B0872 /* Base */,
			);
			name = Tracking.storyboard;
			sourceTree = "<group>";
		};
		C6CD01EB1D3AC0E300D64A06 /* PlanAddExercise.storyboard */ = {
			isa = PBXVariantGroup;
			children = (
				C6CD01EC1D3AC0E300D64A06 /* Base */,
			);
			name = PlanAddExercise.storyboard;
			sourceTree = "<group>";
		};
/* End PBXVariantGroup section */

/* Begin XCBuildConfiguration section */
		C649C5571CE2C31C00258994 /* Debug */ = {
			isa = XCBuildConfiguration;
			buildSettings = {
				ALWAYS_SEARCH_USER_PATHS = NO;
				CLANG_ANALYZER_NONNULL = YES;
				CLANG_CXX_LANGUAGE_STANDARD = "gnu++0x";
				CLANG_CXX_LIBRARY = "libc++";
				CLANG_ENABLE_MODULES = YES;
				CLANG_ENABLE_OBJC_ARC = YES;
				CLANG_WARN_BOOL_CONVERSION = YES;
				CLANG_WARN_CONSTANT_CONVERSION = YES;
				CLANG_WARN_DIRECT_OBJC_ISA_USAGE = YES_ERROR;
				CLANG_WARN_EMPTY_BODY = YES;
				CLANG_WARN_ENUM_CONVERSION = YES;
				CLANG_WARN_INFINITE_RECURSION = YES;
				CLANG_WARN_INT_CONVERSION = YES;
				CLANG_WARN_OBJC_ROOT_CLASS = YES_ERROR;
				CLANG_WARN_SUSPICIOUS_MOVE = YES;
				CLANG_WARN_UNREACHABLE_CODE = YES;
				CLANG_WARN__DUPLICATE_METHOD_MATCH = YES;
				"CODE_SIGN_IDENTITY[sdk=iphoneos*]" = "iPhone Developer";
				COPY_PHASE_STRIP = NO;
				DEBUG_INFORMATION_FORMAT = dwarf;
				ENABLE_STRICT_OBJC_MSGSEND = YES;
				ENABLE_TESTABILITY = YES;
				GCC_C_LANGUAGE_STANDARD = gnu99;
				GCC_DYNAMIC_NO_PIC = NO;
				GCC_NO_COMMON_BLOCKS = YES;
				GCC_OPTIMIZATION_LEVEL = 0;
				GCC_PREPROCESSOR_DEFINITIONS = (
					"DEBUG=1",
					"$(inherited)",
				);
				GCC_WARN_64_TO_32_BIT_CONVERSION = YES;
				GCC_WARN_ABOUT_RETURN_TYPE = YES_ERROR;
				GCC_WARN_UNDECLARED_SELECTOR = YES;
				GCC_WARN_UNINITIALIZED_AUTOS = YES_AGGRESSIVE;
				GCC_WARN_UNUSED_FUNCTION = YES;
				GCC_WARN_UNUSED_VARIABLE = YES;
				IPHONEOS_DEPLOYMENT_TARGET = 9.3;
				MTL_ENABLE_DEBUG_INFO = YES;
				ONLY_ACTIVE_ARCH = YES;
				SDKROOT = iphoneos;
				SWIFT_OPTIMIZATION_LEVEL = "-Onone";
				SWIFT_VERSION = 2.3;
			};
			name = Debug;
		};
		C649C5581CE2C31C00258994 /* Release */ = {
			isa = XCBuildConfiguration;
			buildSettings = {
				ALWAYS_SEARCH_USER_PATHS = NO;
				CLANG_ANALYZER_NONNULL = YES;
				CLANG_CXX_LANGUAGE_STANDARD = "gnu++0x";
				CLANG_CXX_LIBRARY = "libc++";
				CLANG_ENABLE_MODULES = YES;
				CLANG_ENABLE_OBJC_ARC = YES;
				CLANG_WARN_BOOL_CONVERSION = YES;
				CLANG_WARN_CONSTANT_CONVERSION = YES;
				CLANG_WARN_DIRECT_OBJC_ISA_USAGE = YES_ERROR;
				CLANG_WARN_EMPTY_BODY = YES;
				CLANG_WARN_ENUM_CONVERSION = YES;
				CLANG_WARN_INFINITE_RECURSION = YES;
				CLANG_WARN_INT_CONVERSION = YES;
				CLANG_WARN_OBJC_ROOT_CLASS = YES_ERROR;
				CLANG_WARN_SUSPICIOUS_MOVE = YES;
				CLANG_WARN_UNREACHABLE_CODE = YES;
				CLANG_WARN__DUPLICATE_METHOD_MATCH = YES;
				"CODE_SIGN_IDENTITY[sdk=iphoneos*]" = "iPhone Developer";
				COPY_PHASE_STRIP = NO;
				DEBUG_INFORMATION_FORMAT = "dwarf-with-dsym";
				ENABLE_NS_ASSERTIONS = NO;
				ENABLE_STRICT_OBJC_MSGSEND = YES;
				GCC_C_LANGUAGE_STANDARD = gnu99;
				GCC_NO_COMMON_BLOCKS = YES;
				GCC_WARN_64_TO_32_BIT_CONVERSION = YES;
				GCC_WARN_ABOUT_RETURN_TYPE = YES_ERROR;
				GCC_WARN_UNDECLARED_SELECTOR = YES;
				GCC_WARN_UNINITIALIZED_AUTOS = YES_AGGRESSIVE;
				GCC_WARN_UNUSED_FUNCTION = YES;
				GCC_WARN_UNUSED_VARIABLE = YES;
				IPHONEOS_DEPLOYMENT_TARGET = 9.3;
				MTL_ENABLE_DEBUG_INFO = NO;
				SDKROOT = iphoneos;
				SWIFT_OPTIMIZATION_LEVEL = "-Owholemodule";
				SWIFT_VERSION = 2.3;
				VALIDATE_PRODUCT = YES;
			};
			name = Release;
		};
		C649C55A1CE2C31C00258994 /* Debug */ = {
			isa = XCBuildConfiguration;
			baseConfigurationReference = 5DDB769693B4797FCAD24440 /* Pods-GymBuddyUp.debug.xcconfig */;
			buildSettings = {
				ALWAYS_EMBED_SWIFT_STANDARD_LIBRARIES = YES;
				ASSETCATALOG_COMPILER_APPICON_NAME = AppIcon;
				CODE_SIGN_IDENTITY = "iPhone Developer";
				"CODE_SIGN_IDENTITY[sdk=iphoneos*]" = "iPhone Developer";
				HEADER_SEARCH_PATHS = (
					"$(inherited)",
					"${PODS_ROOT}/Firebase/Headers",
					"$(inherited)",
					"\"${PODS_ROOT}/Headers/Public\"",
					"\"${PODS_ROOT}/Headers/Public/Firebase\"",
					"\"${PODS_ROOT}/Headers/Public/FirebaseAnalytics\"",
					"\"${PODS_ROOT}/Headers/Public/FirebaseAuth\"",
					"\"${PODS_ROOT}/Headers/Public/FirebaseDatabase\"",
					"\"${PODS_ROOT}/Headers/Public/FirebaseInstanceID\"",
					"\"${PODS_ROOT}/Headers/Public/FirebaseMessaging\"",
					"\"${PODS_ROOT}/Headers/Public/FirebaseStorage\"",
					"\"${PODS_ROOT}/Headers/Public/GoogleIPhoneUtilities\"",
					"\"${PODS_ROOT}/Headers/Public/GoogleInterchangeUtilities\"",
					"\"${PODS_ROOT}/Headers/Public/GoogleMaps\"",
					"\"${PODS_ROOT}/Headers/Public/GoogleNetworkingUtilities\"",
					"\"${PODS_ROOT}/Headers/Public/GoogleSymbolUtilities\"",
					"\"${PODS_ROOT}/Headers/Public/GoogleUtilities\"",
				);
				INFOPLIST_FILE = GymBuddyUp/Info.plist;
				LD_RUNPATH_SEARCH_PATHS = "$(inherited) @executable_path/Frameworks";
				PRODUCT_BUNDLE_IDENTIFIER = io.torreon.sidekick.test1;
				PRODUCT_NAME = "$(TARGET_NAME)";
				PROVISIONING_PROFILE = "";
				SWIFT_OBJC_BRIDGING_HEADER = "GymBuddyUp/GymBuddyUp-Bridging-Header.h";
				SWIFT_VERSION = 2.3;
			};
			name = Debug;
		};
		C649C55B1CE2C31C00258994 /* Release */ = {
			isa = XCBuildConfiguration;
			baseConfigurationReference = 5360AE00851DB8194874EFBF /* Pods-GymBuddyUp.release.xcconfig */;
			buildSettings = {
				ALWAYS_EMBED_SWIFT_STANDARD_LIBRARIES = YES;
				ASSETCATALOG_COMPILER_APPICON_NAME = AppIcon;
				CODE_SIGN_IDENTITY = "iPhone Developer";
				"CODE_SIGN_IDENTITY[sdk=iphoneos*]" = "iPhone Developer";
				HEADER_SEARCH_PATHS = (
					"$(inherited)",
					"${PODS_ROOT}/Firebase/Headers",
					"$(inherited)",
					"\"${PODS_ROOT}/Headers/Public\"",
					"\"${PODS_ROOT}/Headers/Public/Firebase\"",
					"\"${PODS_ROOT}/Headers/Public/FirebaseAnalytics\"",
					"\"${PODS_ROOT}/Headers/Public/FirebaseAuth\"",
					"\"${PODS_ROOT}/Headers/Public/FirebaseDatabase\"",
					"\"${PODS_ROOT}/Headers/Public/FirebaseInstanceID\"",
					"\"${PODS_ROOT}/Headers/Public/FirebaseMessaging\"",
					"\"${PODS_ROOT}/Headers/Public/FirebaseStorage\"",
					"\"${PODS_ROOT}/Headers/Public/GoogleIPhoneUtilities\"",
					"\"${PODS_ROOT}/Headers/Public/GoogleInterchangeUtilities\"",
					"\"${PODS_ROOT}/Headers/Public/GoogleMaps\"",
					"\"${PODS_ROOT}/Headers/Public/GoogleNetworkingUtilities\"",
					"\"${PODS_ROOT}/Headers/Public/GoogleSymbolUtilities\"",
					"\"${PODS_ROOT}/Headers/Public/GoogleUtilities\"",
				);
				INFOPLIST_FILE = GymBuddyUp/Info.plist;
				LD_RUNPATH_SEARCH_PATHS = "$(inherited) @executable_path/Frameworks";
				PRODUCT_BUNDLE_IDENTIFIER = io.torreon.sidekick.test1;
				PRODUCT_NAME = "$(TARGET_NAME)";
				PROVISIONING_PROFILE = "";
				SWIFT_OBJC_BRIDGING_HEADER = "GymBuddyUp/GymBuddyUp-Bridging-Header.h";
				SWIFT_VERSION = 2.3;
			};
			name = Release;
		};
/* End XCBuildConfiguration section */

/* Begin XCConfigurationList section */
		C649C5421CE2C31C00258994 /* Build configuration list for PBXProject "GymBuddyUp" */ = {
			isa = XCConfigurationList;
			buildConfigurations = (
				C649C5571CE2C31C00258994 /* Debug */,
				C649C5581CE2C31C00258994 /* Release */,
			);
			defaultConfigurationIsVisible = 0;
			defaultConfigurationName = Release;
		};
		C649C5591CE2C31C00258994 /* Build configuration list for PBXNativeTarget "GymBuddyUp" */ = {
			isa = XCConfigurationList;
			buildConfigurations = (
				C649C55A1CE2C31C00258994 /* Debug */,
				C649C55B1CE2C31C00258994 /* Release */,
			);
			defaultConfigurationIsVisible = 0;
			defaultConfigurationName = Release;
		};
/* End XCConfigurationList section */
	};
	rootObject = C649C53F1CE2C31C00258994 /* Project object */;
}
