// !$*UTF8*$!
{
	archiveVersion = 1;
	classes = {
	};
	objectVersion = 46;
	objects = {

/* Begin PBXBuildFile section */
		8D7644699F3B8F0F14170050 /* Pods_GymBuddyUp.framework in Frameworks */ = {isa = PBXBuildFile; fileRef = F67F476ED2D151CC1F907907 /* Pods_GymBuddyUp.framework */; };
		B6CF8D551D20EC3100BF9075 /* GoogleService-Info.plist in Resources */ = {isa = PBXBuildFile; fileRef = B6CF8D541D20EC3100BF9075 /* GoogleService-Info.plist */; };
		C60986571CEEC00D00A0AFE3 /* User.swift in Sources */ = {isa = PBXBuildFile; fileRef = C60986561CEEC00D00A0AFE3 /* User.swift */; };
		C60986591CEEC25200A0AFE3 /* Utils.swift in Sources */ = {isa = PBXBuildFile; fileRef = C60986581CEEC25200A0AFE3 /* Utils.swift */; };
		C649C54B1CE2C31C00258994 /* AppDelegate.swift in Sources */ = {isa = PBXBuildFile; fileRef = C649C54A1CE2C31C00258994 /* AppDelegate.swift */; };
		C649C5501CE2C31C00258994 /* Main.storyboard in Resources */ = {isa = PBXBuildFile; fileRef = C649C54E1CE2C31C00258994 /* Main.storyboard */; };
		C649C5521CE2C31C00258994 /* Assets.xcassets in Resources */ = {isa = PBXBuildFile; fileRef = C649C5511CE2C31C00258994 /* Assets.xcassets */; };
		C649C5551CE2C31C00258994 /* LaunchScreen.storyboard in Resources */ = {isa = PBXBuildFile; fileRef = C649C5531CE2C31C00258994 /* LaunchScreen.storyboard */; };
		C649C55E1CE3BBD900258994 /* SignupLogin.storyboard in Resources */ = {isa = PBXBuildFile; fileRef = C649C55C1CE3BBD900258994 /* SignupLogin.storyboard */; };
		C649C5611CE3C08700258994 /* ColorScheme.swift in Sources */ = {isa = PBXBuildFile; fileRef = C649C5601CE3C08700258994 /* ColorScheme.swift */; };
		C649C5641CE3C48B00258994 /* LandingScreenVC.swift in Sources */ = {isa = PBXBuildFile; fileRef = C649C5631CE3C48B00258994 /* LandingScreenVC.swift */; };
		C649C5671CE3C68800258994 /* BorderedButton.swift in Sources */ = {isa = PBXBuildFile; fileRef = C649C5661CE3C68800258994 /* BorderedButton.swift */; };
		C649C5691CE3EB1A00258994 /* SignupLoginNavVC.swift in Sources */ = {isa = PBXBuildFile; fileRef = C649C5681CE3EB1A00258994 /* SignupLoginNavVC.swift */; };
		C649C56B1CE3EE0800258994 /* SignupVC.swift in Sources */ = {isa = PBXBuildFile; fileRef = C649C56A1CE3EE0800258994 /* SignupVC.swift */; };
		C649C56D1CE3F55E00258994 /* SetGoalVC.swift in Sources */ = {isa = PBXBuildFile; fileRef = C649C56C1CE3F55E00258994 /* SetGoalVC.swift */; };
		C64EC1FA1D124FC3000DA37A /* TestViewController.swift in Sources */ = {isa = PBXBuildFile; fileRef = C64EC1F91D124FC3000DA37A /* TestViewController.swift */; };
		C64EC1FC1D1B6B5A000DA37A /* GenderVC.swift in Sources */ = {isa = PBXBuildFile; fileRef = C64EC1FB1D1B6B5A000DA37A /* GenderVC.swift */; };
		C64EC1FF1D20412B000DA37A /* Plan.storyboard in Resources */ = {isa = PBXBuildFile; fileRef = C64EC1FD1D20412B000DA37A /* Plan.storyboard */; };
		C64EC2021D207373000DA37A /* Discover.storyboard in Resources */ = {isa = PBXBuildFile; fileRef = C64EC2001D207373000DA37A /* Discover.storyboard */; };
		C64EC2041D207CDA000DA37A /* PlanMainVC.swift in Sources */ = {isa = PBXBuildFile; fileRef = C64EC2031D207CDA000DA37A /* PlanMainVC.swift */; };
		C64EC2081D207D2B000DA37A /* DiscoverMainVC.swift in Sources */ = {isa = PBXBuildFile; fileRef = C64EC2071D207D2B000DA37A /* DiscoverMainVC.swift */; };
		C64EC20A1D207D69000DA37A /* PlanLibVC.swift in Sources */ = {isa = PBXBuildFile; fileRef = C64EC2091D207D69000DA37A /* PlanLibVC.swift */; };
		C64EC20C1D20B317000DA37A /* PlanEditVC.swift in Sources */ = {isa = PBXBuildFile; fileRef = C64EC20B1D20B317000DA37A /* PlanEditVC.swift */; };
		C64EC20E1D20B3B1000DA37A /* PlanDetailVC.swift in Sources */ = {isa = PBXBuildFile; fileRef = C64EC20D1D20B3B1000DA37A /* PlanDetailVC.swift */; };
		C64EC2111D20D82B000DA37A /* Inbox.storyboard in Resources */ = {isa = PBXBuildFile; fileRef = C64EC20F1D20D82B000DA37A /* Inbox.storyboard */; };
		C64EC2141D20D83D000DA37A /* Me.storyboard in Resources */ = {isa = PBXBuildFile; fileRef = C64EC2121D20D83D000DA37A /* Me.storyboard */; };
		C64EC2161D20D997000DA37A /* TabBarVC.swift in Sources */ = {isa = PBXBuildFile; fileRef = C64EC2151D20D997000DA37A /* TabBarVC.swift */; };
		C64EC2191D235F95000DA37A /* Create.storyboard in Resources */ = {isa = PBXBuildFile; fileRef = C64EC2171D235F95000DA37A /* Create.storyboard */; };
		C64EC21D1D2AB97D000DA37A /* CreateMainVC.swift in Sources */ = {isa = PBXBuildFile; fileRef = C64EC21A1D235FCF000DA37A /* CreateMainVC.swift */; };
		C64EC21F1D2AC014000DA37A /* PlanTableView.xib in Resources */ = {isa = PBXBuildFile; fileRef = C64EC21E1D2AC014000DA37A /* PlanTableView.xib */; };
		C64EC2211D2DE81E000DA37A /* MeMainVC.swift in Sources */ = {isa = PBXBuildFile; fileRef = C64EC2201D2DE81E000DA37A /* MeMainVC.swift */; };
		C64EC2231D332F2C000DA37A /* UserProfileCell.swift in Sources */ = {isa = PBXBuildFile; fileRef = C64EC2221D332F2C000DA37A /* UserProfileCell.swift */; };
		C64EC2261D334893000DA37A /* UserBuddyOverviewCell.swift in Sources */ = {isa = PBXBuildFile; fileRef = C64EC2251D334893000DA37A /* UserBuddyOverviewCell.swift */; };
		C65301E41D01F51E00DEF7A0 /* Validation.swift in Sources */ = {isa = PBXBuildFile; fileRef = C65301E31D01F51E00DEF7A0 /* Validation.swift */; };
		C6CD01E21D3890E300D64A06 /* Extensions.swift in Sources */ = {isa = PBXBuildFile; fileRef = C6CD01E11D3890E300D64A06 /* Extensions.swift */; };
/* End PBXBuildFile section */

/* Begin PBXFileReference section */
		2FD626101F4C762D8B89D1AD /* Pods-GymBuddyUp.debug.xcconfig */ = {isa = PBXFileReference; includeInIndex = 1; lastKnownFileType = text.xcconfig; name = "Pods-GymBuddyUp.debug.xcconfig"; path = "Pods/Target Support Files/Pods-GymBuddyUp/Pods-GymBuddyUp.debug.xcconfig"; sourceTree = "<group>"; };
		657616B4DA5D3B32B4AAAD21 /* Pods-GymBuddyUp.release.xcconfig */ = {isa = PBXFileReference; includeInIndex = 1; lastKnownFileType = text.xcconfig; name = "Pods-GymBuddyUp.release.xcconfig"; path = "Pods/Target Support Files/Pods-GymBuddyUp/Pods-GymBuddyUp.release.xcconfig"; sourceTree = "<group>"; };
		B6CF8D541D20EC3100BF9075 /* GoogleService-Info.plist */ = {isa = PBXFileReference; fileEncoding = 4; lastKnownFileType = text.plist.xml; path = "GoogleService-Info.plist"; sourceTree = "<group>"; };
		C60986561CEEC00D00A0AFE3 /* User.swift */ = {isa = PBXFileReference; fileEncoding = 4; lastKnownFileType = sourcecode.swift; name = User.swift; path = Models/User.swift; sourceTree = "<group>"; };
		C60986581CEEC25200A0AFE3 /* Utils.swift */ = {isa = PBXFileReference; fileEncoding = 4; lastKnownFileType = sourcecode.swift; name = Utils.swift; path = Helpers/Utils.swift; sourceTree = "<group>"; };
		C649C5471CE2C31C00258994 /* GymBuddyUp.app */ = {isa = PBXFileReference; explicitFileType = wrapper.application; includeInIndex = 0; path = GymBuddyUp.app; sourceTree = BUILT_PRODUCTS_DIR; };
		C649C54A1CE2C31C00258994 /* AppDelegate.swift */ = {isa = PBXFileReference; lastKnownFileType = sourcecode.swift; path = AppDelegate.swift; sourceTree = "<group>"; };
		C649C54F1CE2C31C00258994 /* Base */ = {isa = PBXFileReference; lastKnownFileType = file.storyboard; name = Base; path = Base.lproj/Main.storyboard; sourceTree = "<group>"; };
		C649C5511CE2C31C00258994 /* Assets.xcassets */ = {isa = PBXFileReference; lastKnownFileType = folder.assetcatalog; path = Assets.xcassets; sourceTree = "<group>"; };
		C649C5541CE2C31C00258994 /* Base */ = {isa = PBXFileReference; lastKnownFileType = file.storyboard; name = Base; path = Base.lproj/LaunchScreen.storyboard; sourceTree = "<group>"; };
		C649C5561CE2C31C00258994 /* Info.plist */ = {isa = PBXFileReference; lastKnownFileType = text.plist.xml; path = Info.plist; sourceTree = "<group>"; };
		C649C55D1CE3BBD900258994 /* Base */ = {isa = PBXFileReference; lastKnownFileType = file.storyboard; name = Base; path = Base.lproj/SignupLogin.storyboard; sourceTree = "<group>"; };
		C649C5601CE3C08700258994 /* ColorScheme.swift */ = {isa = PBXFileReference; fileEncoding = 4; lastKnownFileType = sourcecode.swift; name = ColorScheme.swift; path = Helpers/ColorScheme.swift; sourceTree = "<group>"; };
		C649C5631CE3C48B00258994 /* LandingScreenVC.swift */ = {isa = PBXFileReference; fileEncoding = 4; lastKnownFileType = sourcecode.swift; name = LandingScreenVC.swift; path = VCs/LandingScreenVC.swift; sourceTree = "<group>"; };
		C649C5661CE3C68800258994 /* BorderedButton.swift */ = {isa = PBXFileReference; fileEncoding = 4; lastKnownFileType = sourcecode.swift; name = BorderedButton.swift; path = Views/BorderedButton.swift; sourceTree = "<group>"; };
		C649C5681CE3EB1A00258994 /* SignupLoginNavVC.swift */ = {isa = PBXFileReference; fileEncoding = 4; lastKnownFileType = sourcecode.swift; name = SignupLoginNavVC.swift; path = VCs/SignupLoginNavVC.swift; sourceTree = "<group>"; };
		C649C56A1CE3EE0800258994 /* SignupVC.swift */ = {isa = PBXFileReference; fileEncoding = 4; lastKnownFileType = sourcecode.swift; name = SignupVC.swift; path = VCs/SignupVC.swift; sourceTree = "<group>"; };
		C649C56C1CE3F55E00258994 /* SetGoalVC.swift */ = {isa = PBXFileReference; fileEncoding = 4; lastKnownFileType = sourcecode.swift; name = SetGoalVC.swift; path = VCs/SetGoalVC.swift; sourceTree = "<group>"; };
		C64EC1F91D124FC3000DA37A /* TestViewController.swift */ = {isa = PBXFileReference; fileEncoding = 4; lastKnownFileType = sourcecode.swift; name = TestViewController.swift; path = VCs/TestViewController.swift; sourceTree = "<group>"; };
		C64EC1FB1D1B6B5A000DA37A /* GenderVC.swift */ = {isa = PBXFileReference; fileEncoding = 4; lastKnownFileType = sourcecode.swift; name = GenderVC.swift; path = VCs/GenderVC.swift; sourceTree = "<group>"; };
		C64EC1FE1D20412B000DA37A /* Base */ = {isa = PBXFileReference; lastKnownFileType = file.storyboard; name = Base; path = Base.lproj/Plan.storyboard; sourceTree = "<group>"; };
		C64EC2011D207373000DA37A /* Base */ = {isa = PBXFileReference; lastKnownFileType = file.storyboard; name = Base; path = Base.lproj/Discover.storyboard; sourceTree = "<group>"; };
		C64EC2031D207CDA000DA37A /* PlanMainVC.swift */ = {isa = PBXFileReference; fileEncoding = 4; lastKnownFileType = sourcecode.swift; name = PlanMainVC.swift; path = VCs/PlanMainVC.swift; sourceTree = "<group>"; };
		C64EC2071D207D2B000DA37A /* DiscoverMainVC.swift */ = {isa = PBXFileReference; fileEncoding = 4; lastKnownFileType = sourcecode.swift; name = DiscoverMainVC.swift; path = VCs/DiscoverMainVC.swift; sourceTree = "<group>"; };
		C64EC2091D207D69000DA37A /* PlanLibVC.swift */ = {isa = PBXFileReference; fileEncoding = 4; lastKnownFileType = sourcecode.swift; name = PlanLibVC.swift; path = VCs/PlanLibVC.swift; sourceTree = "<group>"; };
		C64EC20B1D20B317000DA37A /* PlanEditVC.swift */ = {isa = PBXFileReference; fileEncoding = 4; lastKnownFileType = sourcecode.swift; name = PlanEditVC.swift; path = VCs/PlanEditVC.swift; sourceTree = "<group>"; };
		C64EC20D1D20B3B1000DA37A /* PlanDetailVC.swift */ = {isa = PBXFileReference; fileEncoding = 4; lastKnownFileType = sourcecode.swift; name = PlanDetailVC.swift; path = VCs/PlanDetailVC.swift; sourceTree = "<group>"; };
		C64EC2101D20D82B000DA37A /* Base */ = {isa = PBXFileReference; lastKnownFileType = file.storyboard; name = Base; path = Base.lproj/Inbox.storyboard; sourceTree = "<group>"; };
		C64EC2131D20D83D000DA37A /* Base */ = {isa = PBXFileReference; lastKnownFileType = file.storyboard; name = Base; path = Base.lproj/Me.storyboard; sourceTree = "<group>"; };
		C64EC2151D20D997000DA37A /* TabBarVC.swift */ = {isa = PBXFileReference; fileEncoding = 4; lastKnownFileType = sourcecode.swift; name = TabBarVC.swift; path = VCs/TabBarVC.swift; sourceTree = "<group>"; };
		C64EC2181D235F95000DA37A /* Base */ = {isa = PBXFileReference; lastKnownFileType = file.storyboard; name = Base; path = Base.lproj/Create.storyboard; sourceTree = "<group>"; };
		C64EC21A1D235FCF000DA37A /* CreateMainVC.swift */ = {isa = PBXFileReference; fileEncoding = 4; lastKnownFileType = sourcecode.swift; name = CreateMainVC.swift; path = VCs/CreateMainVC.swift; sourceTree = "<group>"; };
		C64EC21E1D2AC014000DA37A /* PlanTableView.xib */ = {isa = PBXFileReference; fileEncoding = 4; lastKnownFileType = file.xib; name = PlanTableView.xib; path = Views/PlanTableView.xib; sourceTree = "<group>"; };
		C64EC2201D2DE81E000DA37A /* MeMainVC.swift */ = {isa = PBXFileReference; fileEncoding = 4; lastKnownFileType = sourcecode.swift; name = MeMainVC.swift; path = VCs/MeMainVC.swift; sourceTree = "<group>"; };
		C64EC2221D332F2C000DA37A /* UserProfileCell.swift */ = {isa = PBXFileReference; fileEncoding = 4; lastKnownFileType = sourcecode.swift; name = UserProfileCell.swift; path = Views/UserProfileCell.swift; sourceTree = "<group>"; };
		C64EC2251D334893000DA37A /* UserBuddyOverviewCell.swift */ = {isa = PBXFileReference; fileEncoding = 4; lastKnownFileType = sourcecode.swift; name = UserBuddyOverviewCell.swift; path = Views/UserBuddyOverviewCell.swift; sourceTree = "<group>"; };
		C65301E31D01F51E00DEF7A0 /* Validation.swift */ = {isa = PBXFileReference; fileEncoding = 4; lastKnownFileType = sourcecode.swift; name = Validation.swift; path = Helpers/Validation.swift; sourceTree = "<group>"; };
		C6CD01E11D3890E300D64A06 /* Extensions.swift */ = {isa = PBXFileReference; fileEncoding = 4; lastKnownFileType = sourcecode.swift; name = Extensions.swift; path = Helpers/Extensions.swift; sourceTree = "<group>"; };
		F67F476ED2D151CC1F907907 /* Pods_GymBuddyUp.framework */ = {isa = PBXFileReference; explicitFileType = wrapper.framework; includeInIndex = 0; path = Pods_GymBuddyUp.framework; sourceTree = BUILT_PRODUCTS_DIR; };
/* End PBXFileReference section */

/* Begin PBXFrameworksBuildPhase section */
		C649C5441CE2C31C00258994 /* Frameworks */ = {
			isa = PBXFrameworksBuildPhase;
			buildActionMask = 2147483647;
			files = (
				8D7644699F3B8F0F14170050 /* Pods_GymBuddyUp.framework in Frameworks */,
			);
			runOnlyForDeploymentPostprocessing = 0;
		};
/* End PBXFrameworksBuildPhase section */

/* Begin PBXGroup section */
		0F5C97F101D8CA6AD7B54D10 /* Pods */ = {
			isa = PBXGroup;
			children = (
				2FD626101F4C762D8B89D1AD /* Pods-GymBuddyUp.debug.xcconfig */,
				657616B4DA5D3B32B4AAAD21 /* Pods-GymBuddyUp.release.xcconfig */,
			);
			name = Pods;
			sourceTree = "<group>";
		};
		2A7FD3A7BCA412F4DFCF0EEF /* Frameworks */ = {
			isa = PBXGroup;
			children = (
				F67F476ED2D151CC1F907907 /* Pods_GymBuddyUp.framework */,
			);
			name = Frameworks;
			sourceTree = "<group>";
		};
		C649C53E1CE2C31C00258994 = {
			isa = PBXGroup;
			children = (
				C649C5491CE2C31C00258994 /* GymBuddyUp */,
				C649C5481CE2C31C00258994 /* Products */,
				0F5C97F101D8CA6AD7B54D10 /* Pods */,
				2A7FD3A7BCA412F4DFCF0EEF /* Frameworks */,
			);
			sourceTree = "<group>";
		};
		C649C5481CE2C31C00258994 /* Products */ = {
			isa = PBXGroup;
			children = (
				C649C5471CE2C31C00258994 /* GymBuddyUp.app */,
			);
			name = Products;
			sourceTree = "<group>";
		};
		C649C5491CE2C31C00258994 /* GymBuddyUp */ = {
			isa = PBXGroup;
			children = (
				C649C54A1CE2C31C00258994 /* AppDelegate.swift */,
				C64EC2241D334097000DA37A /* API */,
				C649C5651CE3C64F00258994 /* Views */,
				C649C55F1CE3C04600258994 /* Helpers */,
				C649C5621CE3C45400258994 /* VCs */,
				C649C54E1CE2C31C00258994 /* Main.storyboard */,
				C64EC2171D235F95000DA37A /* Create.storyboard */,
				C64EC20F1D20D82B000DA37A /* Inbox.storyboard */,
				C64EC2121D20D83D000DA37A /* Me.storyboard */,
				C64EC2001D207373000DA37A /* Discover.storyboard */,
				C64EC1FD1D20412B000DA37A /* Plan.storyboard */,
				C649C55C1CE3BBD900258994 /* SignupLogin.storyboard */,
				C649C5511CE2C31C00258994 /* Assets.xcassets */,
				C649C5531CE2C31C00258994 /* LaunchScreen.storyboard */,
				B6CF8D541D20EC3100BF9075 /* GoogleService-Info.plist */,
				C649C5561CE2C31C00258994 /* Info.plist */,
			);
			path = GymBuddyUp;
			sourceTree = "<group>";
		};
		C649C55F1CE3C04600258994 /* Helpers */ = {
			isa = PBXGroup;
			children = (
				C6CD01E11D3890E300D64A06 /* Extensions.swift */,
				C649C5601CE3C08700258994 /* ColorScheme.swift */,
				C60986581CEEC25200A0AFE3 /* Utils.swift */,
				C65301E31D01F51E00DEF7A0 /* Validation.swift */,
			);
			name = Helpers;
			sourceTree = "<group>";
		};
		C649C5621CE3C45400258994 /* VCs */ = {
			isa = PBXGroup;
			children = (
				C64EC2061D207CF2000DA37A /* SignupLogin */,
				C64EC2051D207CE6000DA37A /* Plan */,
				C64EC1F91D124FC3000DA37A /* TestViewController.swift */,
				C64EC2071D207D2B000DA37A /* DiscoverMainVC.swift */,
				C64EC2151D20D997000DA37A /* TabBarVC.swift */,
				C64EC21A1D235FCF000DA37A /* CreateMainVC.swift */,
				C64EC2201D2DE81E000DA37A /* MeMainVC.swift */,
			);
			name = VCs;
			sourceTree = "<group>";
		};
		C649C5651CE3C64F00258994 /* Views */ = {
			isa = PBXGroup;
			children = (
				C64EC21C1D289DCA000DA37A /* Cells */,
				C649C5661CE3C68800258994 /* BorderedButton.swift */,
				C64EC21E1D2AC014000DA37A /* PlanTableView.xib */,
			);
			name = Views;
			sourceTree = "<group>";
		};
		C64EC2051D207CE6000DA37A /* Plan */ = {
			isa = PBXGroup;
			children = (
				C64EC2031D207CDA000DA37A /* PlanMainVC.swift */,
				C64EC2091D207D69000DA37A /* PlanLibVC.swift */,
				C64EC20B1D20B317000DA37A /* PlanEditVC.swift */,
				C64EC20D1D20B3B1000DA37A /* PlanDetailVC.swift */,
			);
			name = Plan;
			sourceTree = "<group>";
		};
		C64EC2061D207CF2000DA37A /* SignupLogin */ = {
			isa = PBXGroup;
			children = (
				C649C5681CE3EB1A00258994 /* SignupLoginNavVC.swift */,
				C649C5631CE3C48B00258994 /* LandingScreenVC.swift */,
				C649C56A1CE3EE0800258994 /* SignupVC.swift */,
				C649C56C1CE3F55E00258994 /* SetGoalVC.swift */,
				C64EC1FB1D1B6B5A000DA37A /* GenderVC.swift */,
			);
			name = SignupLogin;
			sourceTree = "<group>";
		};
		C64EC21C1D289DCA000DA37A /* Cells */ = {
			isa = PBXGroup;
			children = (
				C64EC2221D332F2C000DA37A /* UserProfileCell.swift */,
				C64EC2251D334893000DA37A /* UserBuddyOverviewCell.swift */,
			);
			name = Cells;
			sourceTree = "<group>";
		};
		C64EC2241D334097000DA37A /* API */ = {
			isa = PBXGroup;
			children = (
				C60986561CEEC00D00A0AFE3 /* User.swift */,
			);
			name = API;
			sourceTree = "<group>";
		};
/* End PBXGroup section */

/* Begin PBXNativeTarget section */
		C649C5461CE2C31C00258994 /* GymBuddyUp */ = {
			isa = PBXNativeTarget;
			buildConfigurationList = C649C5591CE2C31C00258994 /* Build configuration list for PBXNativeTarget "GymBuddyUp" */;
			buildPhases = (
				46D9065C99984273F89B1ECF /* [CP] Check Pods Manifest.lock */,
				C649C5431CE2C31C00258994 /* Sources */,
				C649C5441CE2C31C00258994 /* Frameworks */,
				C649C5451CE2C31C00258994 /* Resources */,
				0845A1D7E8F85D4E9DCC1E5D /* [CP] Embed Pods Frameworks */,
				6E6A1D13611E68A73F14883D /* [CP] Copy Pods Resources */,
			);
			buildRules = (
			);
			dependencies = (
			);
			name = GymBuddyUp;
			productName = GymBuddyUp;
			productReference = C649C5471CE2C31C00258994 /* GymBuddyUp.app */;
			productType = "com.apple.product-type.application";
		};
/* End PBXNativeTarget section */

/* Begin PBXProject section */
		C649C53F1CE2C31C00258994 /* Project object */ = {
			isa = PBXProject;
			attributes = {
				LastSwiftUpdateCheck = 0730;
				LastUpgradeCheck = 0730;
				ORGANIZATIONNAME = "You Wu";
				TargetAttributes = {
					C649C5461CE2C31C00258994 = {
						CreatedOnToolsVersion = 7.3.1;
						DevelopmentTeam = MT7235KFGL;
					};
				};
			};
			buildConfigurationList = C649C5421CE2C31C00258994 /* Build configuration list for PBXProject "GymBuddyUp" */;
			compatibilityVersion = "Xcode 3.2";
			developmentRegion = English;
			hasScannedForEncodings = 0;
			knownRegions = (
				en,
				Base,
			);
			mainGroup = C649C53E1CE2C31C00258994;
			productRefGroup = C649C5481CE2C31C00258994 /* Products */;
			projectDirPath = "";
			projectRoot = "";
			targets = (
				C649C5461CE2C31C00258994 /* GymBuddyUp */,
			);
		};
/* End PBXProject section */

/* Begin PBXResourcesBuildPhase section */
		C649C5451CE2C31C00258994 /* Resources */ = {
			isa = PBXResourcesBuildPhase;
			buildActionMask = 2147483647;
			files = (
				C649C55E1CE3BBD900258994 /* SignupLogin.storyboard in Resources */,
				C64EC2191D235F95000DA37A /* Create.storyboard in Resources */,
				C649C5551CE2C31C00258994 /* LaunchScreen.storyboard in Resources */,
				B6CF8D551D20EC3100BF9075 /* GoogleService-Info.plist in Resources */,
				C64EC21F1D2AC014000DA37A /* PlanTableView.xib in Resources */,
				C649C5521CE2C31C00258994 /* Assets.xcassets in Resources */,
				C64EC1FF1D20412B000DA37A /* Plan.storyboard in Resources */,
				C64EC2111D20D82B000DA37A /* Inbox.storyboard in Resources */,
				C649C5501CE2C31C00258994 /* Main.storyboard in Resources */,
				C64EC2141D20D83D000DA37A /* Me.storyboard in Resources */,
				C64EC2021D207373000DA37A /* Discover.storyboard in Resources */,
			);
			runOnlyForDeploymentPostprocessing = 0;
		};
/* End PBXResourcesBuildPhase section */

/* Begin PBXShellScriptBuildPhase section */
		0845A1D7E8F85D4E9DCC1E5D /* [CP] Embed Pods Frameworks */ = {
			isa = PBXShellScriptBuildPhase;
			buildActionMask = 2147483647;
			files = (
			);
			inputPaths = (
			);
			name = "[CP] Embed Pods Frameworks";
			outputPaths = (
			);
			runOnlyForDeploymentPostprocessing = 0;
			shellPath = /bin/sh;
			shellScript = "\"${SRCROOT}/Pods/Target Support Files/Pods-GymBuddyUp/Pods-GymBuddyUp-frameworks.sh\"\n";
			showEnvVarsInLog = 0;
		};
		46D9065C99984273F89B1ECF /* [CP] Check Pods Manifest.lock */ = {
			isa = PBXShellScriptBuildPhase;
			buildActionMask = 2147483647;
			files = (
			);
			inputPaths = (
			);
			name = "[CP] Check Pods Manifest.lock";
			outputPaths = (
			);
			runOnlyForDeploymentPostprocessing = 0;
			shellPath = /bin/sh;
			shellScript = "diff \"${PODS_ROOT}/../Podfile.lock\" \"${PODS_ROOT}/Manifest.lock\" > /dev/null\nif [[ $? != 0 ]] ; then\n    cat << EOM\nerror: The sandbox is not in sync with the Podfile.lock. Run 'pod install' or update your CocoaPods installation.\nEOM\n    exit 1\nfi\n";
			showEnvVarsInLog = 0;
		};
		6E6A1D13611E68A73F14883D /* [CP] Copy Pods Resources */ = {
			isa = PBXShellScriptBuildPhase;
			buildActionMask = 2147483647;
			files = (
			);
			inputPaths = (
			);
			name = "[CP] Copy Pods Resources";
			outputPaths = (
			);
			runOnlyForDeploymentPostprocessing = 0;
			shellPath = /bin/sh;
			shellScript = "\"${SRCROOT}/Pods/Target Support Files/Pods-GymBuddyUp/Pods-GymBuddyUp-resources.sh\"\n";
			showEnvVarsInLog = 0;
		};
/* End PBXShellScriptBuildPhase section */

/* Begin PBXSourcesBuildPhase section */
		C649C5431CE2C31C00258994 /* Sources */ = {
			isa = PBXSourcesBuildPhase;
			buildActionMask = 2147483647;
			files = (
				C6CD01E21D3890E300D64A06 /* Extensions.swift in Sources */,
				C64EC2261D334893000DA37A /* UserBuddyOverviewCell.swift in Sources */,
				C64EC2041D207CDA000DA37A /* PlanMainVC.swift in Sources */,
				C64EC1FA1D124FC3000DA37A /* TestViewController.swift in Sources */,
				C64EC20E1D20B3B1000DA37A /* PlanDetailVC.swift in Sources */,
				C649C5671CE3C68800258994 /* BorderedButton.swift in Sources */,
				C64EC1FC1D1B6B5A000DA37A /* GenderVC.swift in Sources */,
				C649C56B1CE3EE0800258994 /* SignupVC.swift in Sources */,
				C64EC20A1D207D69000DA37A /* PlanLibVC.swift in Sources */,
				C64EC2211D2DE81E000DA37A /* MeMainVC.swift in Sources */,
				C64EC2081D207D2B000DA37A /* DiscoverMainVC.swift in Sources */,
				C649C56D1CE3F55E00258994 /* SetGoalVC.swift in Sources */,
				C64EC2161D20D997000DA37A /* TabBarVC.swift in Sources */,
				C649C5691CE3EB1A00258994 /* SignupLoginNavVC.swift in Sources */,
				C649C5611CE3C08700258994 /* ColorScheme.swift in Sources */,
				C649C5641CE3C48B00258994 /* LandingScreenVC.swift in Sources */,
				C64EC2231D332F2C000DA37A /* UserProfileCell.swift in Sources */,
				C60986591CEEC25200A0AFE3 /* Utils.swift in Sources */,
				C64EC21D1D2AB97D000DA37A /* CreateMainVC.swift in Sources */,
				C60986571CEEC00D00A0AFE3 /* User.swift in Sources */,
				C65301E41D01F51E00DEF7A0 /* Validation.swift in Sources */,
				C64EC20C1D20B317000DA37A /* PlanEditVC.swift in Sources */,
				C649C54B1CE2C31C00258994 /* AppDelegate.swift in Sources */,
			);
			runOnlyForDeploymentPostprocessing = 0;
		};
/* End PBXSourcesBuildPhase section */

/* Begin PBXVariantGroup section */
		C649C54E1CE2C31C00258994 /* Main.storyboard */ = {
			isa = PBXVariantGroup;
			children = (
				C649C54F1CE2C31C00258994 /* Base */,
			);
			name = Main.storyboard;
			sourceTree = "<group>";
		};
		C649C5531CE2C31C00258994 /* LaunchScreen.storyboard */ = {
			isa = PBXVariantGroup;
			children = (
				C649C5541CE2C31C00258994 /* Base */,
			);
			name = LaunchScreen.storyboard;
			sourceTree = "<group>";
		};
		C649C55C1CE3BBD900258994 /* SignupLogin.storyboard */ = {
			isa = PBXVariantGroup;
			children = (
				C649C55D1CE3BBD900258994 /* Base */,
			);
			name = SignupLogin.storyboard;
			sourceTree = "<group>";
		};
		C64EC1FD1D20412B000DA37A /* Plan.storyboard */ = {
			isa = PBXVariantGroup;
			children = (
				C64EC1FE1D20412B000DA37A /* Base */,
			);
			name = Plan.storyboard;
			sourceTree = "<group>";
		};
		C64EC2001D207373000DA37A /* Discover.storyboard */ = {
			isa = PBXVariantGroup;
			children = (
				C64EC2011D207373000DA37A /* Base */,
			);
			name = Discover.storyboard;
			sourceTree = "<group>";
		};
		C64EC20F1D20D82B000DA37A /* Inbox.storyboard */ = {
			isa = PBXVariantGroup;
			children = (
				C64EC2101D20D82B000DA37A /* Base */,
			);
			name = Inbox.storyboard;
			sourceTree = "<group>";
		};
		C64EC2121D20D83D000DA37A /* Me.storyboard */ = {
			isa = PBXVariantGroup;
			children = (
				C64EC2131D20D83D000DA37A /* Base */,
			);
			name = Me.storyboard;
			sourceTree = "<group>";
		};
		C64EC2171D235F95000DA37A /* Create.storyboard */ = {
			isa = PBXVariantGroup;
			children = (
				C64EC2181D235F95000DA37A /* Base */,
			);
			name = Create.storyboard;
			sourceTree = "<group>";
		};
/* End PBXVariantGroup section */

/* Begin XCBuildConfiguration section */
		C649C5571CE2C31C00258994 /* Debug */ = {
			isa = XCBuildConfiguration;
			buildSettings = {
				ALWAYS_SEARCH_USER_PATHS = NO;
				CLANG_ANALYZER_NONNULL = YES;
				CLANG_CXX_LANGUAGE_STANDARD = "gnu++0x";
				CLANG_CXX_LIBRARY = "libc++";
				CLANG_ENABLE_MODULES = YES;
				CLANG_ENABLE_OBJC_ARC = YES;
				CLANG_WARN_BOOL_CONVERSION = YES;
				CLANG_WARN_CONSTANT_CONVERSION = YES;
				CLANG_WARN_DIRECT_OBJC_ISA_USAGE = YES_ERROR;
				CLANG_WARN_EMPTY_BODY = YES;
				CLANG_WARN_ENUM_CONVERSION = YES;
				CLANG_WARN_INT_CONVERSION = YES;
				CLANG_WARN_OBJC_ROOT_CLASS = YES_ERROR;
				CLANG_WARN_UNREACHABLE_CODE = YES;
				CLANG_WARN__DUPLICATE_METHOD_MATCH = YES;
				"CODE_SIGN_IDENTITY[sdk=iphoneos*]" = "iPhone Developer";
				COPY_PHASE_STRIP = NO;
				DEBUG_INFORMATION_FORMAT = dwarf;
				ENABLE_STRICT_OBJC_MSGSEND = YES;
				ENABLE_TESTABILITY = YES;
				GCC_C_LANGUAGE_STANDARD = gnu99;
				GCC_DYNAMIC_NO_PIC = NO;
				GCC_NO_COMMON_BLOCKS = YES;
				GCC_OPTIMIZATION_LEVEL = 0;
				GCC_PREPROCESSOR_DEFINITIONS = (
					"DEBUG=1",
					"$(inherited)",
				);
				GCC_WARN_64_TO_32_BIT_CONVERSION = YES;
				GCC_WARN_ABOUT_RETURN_TYPE = YES_ERROR;
				GCC_WARN_UNDECLARED_SELECTOR = YES;
				GCC_WARN_UNINITIALIZED_AUTOS = YES_AGGRESSIVE;
				GCC_WARN_UNUSED_FUNCTION = YES;
				GCC_WARN_UNUSED_VARIABLE = YES;
				IPHONEOS_DEPLOYMENT_TARGET = 9.3;
				MTL_ENABLE_DEBUG_INFO = YES;
				ONLY_ACTIVE_ARCH = YES;
				SDKROOT = iphoneos;
				SWIFT_OPTIMIZATION_LEVEL = "-Onone";
			};
			name = Debug;
		};
		C649C5581CE2C31C00258994 /* Release */ = {
			isa = XCBuildConfiguration;
			buildSettings = {
				ALWAYS_SEARCH_USER_PATHS = NO;
				CLANG_ANALYZER_NONNULL = YES;
				CLANG_CXX_LANGUAGE_STANDARD = "gnu++0x";
				CLANG_CXX_LIBRARY = "libc++";
				CLANG_ENABLE_MODULES = YES;
				CLANG_ENABLE_OBJC_ARC = YES;
				CLANG_WARN_BOOL_CONVERSION = YES;
				CLANG_WARN_CONSTANT_CONVERSION = YES;
				CLANG_WARN_DIRECT_OBJC_ISA_USAGE = YES_ERROR;
				CLANG_WARN_EMPTY_BODY = YES;
				CLANG_WARN_ENUM_CONVERSION = YES;
				CLANG_WARN_INT_CONVERSION = YES;
				CLANG_WARN_OBJC_ROOT_CLASS = YES_ERROR;
				CLANG_WARN_UNREACHABLE_CODE = YES;
				CLANG_WARN__DUPLICATE_METHOD_MATCH = YES;
				"CODE_SIGN_IDENTITY[sdk=iphoneos*]" = "iPhone Developer";
				COPY_PHASE_STRIP = NO;
				DEBUG_INFORMATION_FORMAT = "dwarf-with-dsym";
				ENABLE_NS_ASSERTIONS = NO;
				ENABLE_STRICT_OBJC_MSGSEND = YES;
				GCC_C_LANGUAGE_STANDARD = gnu99;
				GCC_NO_COMMON_BLOCKS = YES;
				GCC_WARN_64_TO_32_BIT_CONVERSION = YES;
				GCC_WARN_ABOUT_RETURN_TYPE = YES_ERROR;
				GCC_WARN_UNDECLARED_SELECTOR = YES;
				GCC_WARN_UNINITIALIZED_AUTOS = YES_AGGRESSIVE;
				GCC_WARN_UNUSED_FUNCTION = YES;
				GCC_WARN_UNUSED_VARIABLE = YES;
				IPHONEOS_DEPLOYMENT_TARGET = 9.3;
				MTL_ENABLE_DEBUG_INFO = NO;
				SDKROOT = iphoneos;
				VALIDATE_PRODUCT = YES;
			};
			name = Release;
		};
		C649C55A1CE2C31C00258994 /* Debug */ = {
			isa = XCBuildConfiguration;
			baseConfigurationReference = 2FD626101F4C762D8B89D1AD /* Pods-GymBuddyUp.debug.xcconfig */;
			buildSettings = {
				ASSETCATALOG_COMPILER_APPICON_NAME = AppIcon;
				CODE_SIGN_IDENTITY = "iPhone Developer";
				"CODE_SIGN_IDENTITY[sdk=iphoneos*]" = "iPhone Developer";
				INFOPLIST_FILE = GymBuddyUp/Info.plist;
				LD_RUNPATH_SEARCH_PATHS = "$(inherited) @executable_path/Frameworks";
				PRODUCT_BUNDLE_IDENTIFIER = io.torreon.sidekick.test;
				PRODUCT_NAME = "$(TARGET_NAME)";
				PROVISIONING_PROFILE = "";
			};
			name = Debug;
		};
		C649C55B1CE2C31C00258994 /* Release */ = {
			isa = XCBuildConfiguration;
			baseConfigurationReference = 657616B4DA5D3B32B4AAAD21 /* Pods-GymBuddyUp.release.xcconfig */;
			buildSettings = {
				ASSETCATALOG_COMPILER_APPICON_NAME = AppIcon;
				CODE_SIGN_IDENTITY = "iPhone Developer";
				"CODE_SIGN_IDENTITY[sdk=iphoneos*]" = "iPhone Developer";
				INFOPLIST_FILE = GymBuddyUp/Info.plist;
				LD_RUNPATH_SEARCH_PATHS = "$(inherited) @executable_path/Frameworks";
				PRODUCT_BUNDLE_IDENTIFIER = io.torreon.sidekick.test;
				PRODUCT_NAME = "$(TARGET_NAME)";
				PROVISIONING_PROFILE = "";
			};
			name = Release;
		};
/* End XCBuildConfiguration section */

/* Begin XCConfigurationList section */
		C649C5421CE2C31C00258994 /* Build configuration list for PBXProject "GymBuddyUp" */ = {
			isa = XCConfigurationList;
			buildConfigurations = (
				C649C5571CE2C31C00258994 /* Debug */,
				C649C5581CE2C31C00258994 /* Release */,
			);
			defaultConfigurationIsVisible = 0;
			defaultConfigurationName = Release;
		};
		C649C5591CE2C31C00258994 /* Build configuration list for PBXNativeTarget "GymBuddyUp" */ = {
			isa = XCConfigurationList;
			buildConfigurations = (
				C649C55A1CE2C31C00258994 /* Debug */,
				C649C55B1CE2C31C00258994 /* Release */,
			);
			defaultConfigurationIsVisible = 0;
			defaultConfigurationName = Release;
		};
/* End XCConfigurationList section */
	};
	rootObject = C649C53F1CE2C31C00258994 /* Project object */;
}
